// !$*UTF8*$!
{
	archiveVersion = 1;
	classes = {
	};
	objectVersion = 56;
	objects = {

/* Begin PBXBuildFile section */
		8AF70B1928FAEAC900E93F50 /* HabitTrackingApp.swift in Sources */ = {isa = PBXBuildFile; fileRef = 8AF70B1828FAEAC900E93F50 /* HabitTrackingApp.swift */; };
		8AF70B1B28FAEAC900E93F50 /* ContentView.swift in Sources */ = {isa = PBXBuildFile; fileRef = 8AF70B1A28FAEAC900E93F50 /* ContentView.swift */; };
		8AF70B1D28FAEACB00E93F50 /* Assets.xcassets in Resources */ = {isa = PBXBuildFile; fileRef = 8AF70B1C28FAEACB00E93F50 /* Assets.xcassets */; };
		8AF70B2028FAEACB00E93F50 /* Preview Assets.xcassets in Resources */ = {isa = PBXBuildFile; fileRef = 8AF70B1F28FAEACB00E93F50 /* Preview Assets.xcassets */; };
		8AF70B2728FAEFF700E93F50 /* ActivityDetailView.swift in Sources */ = {isa = PBXBuildFile; fileRef = 8AF70B2628FAEFF700E93F50 /* ActivityDetailView.swift */; };
		8AF70B2928FAF2CA00E93F50 /* ActivityCreationView.swift in Sources */ = {isa = PBXBuildFile; fileRef = 8AF70B2828FAF2CA00E93F50 /* ActivityCreationView.swift */; };
		8AF70B2B28FB039100E93F50 /* ActivityItem.swift in Sources */ = {isa = PBXBuildFile; fileRef = 8AF70B2A28FB039100E93F50 /* ActivityItem.swift */; };
		8AF70B2D28FB046200E93F50 /* Activities.swift in Sources */ = {isa = PBXBuildFile; fileRef = 8AF70B2C28FB046200E93F50 /* Activities.swift */; };
		8AF70B2F28FBB83400E93F50 /* HTButton.swift in Sources */ = {isa = PBXBuildFile; fileRef = 8AF70B2E28FBB83400E93F50 /* HTButton.swift */; };
		8AF70B3128FBBB7F00E93F50 /* UserDefaults+GetArray.swift in Sources */ = {isa = PBXBuildFile; fileRef = 8AF70B3028FBBB7F00E93F50 /* UserDefaults+GetArray.swift */; };
		8AF70B3628FBFB2C00E93F50 /* CreateActivityViewModel.swift in Sources */ = {isa = PBXBuildFile; fileRef = 8AF70B3528FBFB2C00E93F50 /* CreateActivityViewModel.swift */; };
		8AF70B3828FBFF0500E93F50 /* HTTextInput.swift in Sources */ = {isa = PBXBuildFile; fileRef = 8AF70B3728FBFF0500E93F50 /* HTTextInput.swift */; };
		8AF70B3B28FC5AF300E93F50 /* ShowActivityDetailsViewModel.swift in Sources */ = {isa = PBXBuildFile; fileRef = 8AF70B3A28FC5AF300E93F50 /* ShowActivityDetailsViewModel.swift */; };
		8AF70B3F28FD477E00E93F50 /* ShowActivityListViewModel.swift in Sources */ = {isa = PBXBuildFile; fileRef = 8AF70B3E28FD477E00E93F50 /* ShowActivityListViewModel.swift */; };
/* End PBXBuildFile section */

/* Begin PBXFileReference section */
		8AF70B1528FAEAC900E93F50 /* HabitTracking.app */ = {isa = PBXFileReference; explicitFileType = wrapper.application; includeInIndex = 0; path = HabitTracking.app; sourceTree = BUILT_PRODUCTS_DIR; };
		8AF70B1828FAEAC900E93F50 /* HabitTrackingApp.swift */ = {isa = PBXFileReference; lastKnownFileType = sourcecode.swift; path = HabitTrackingApp.swift; sourceTree = "<group>"; };
		8AF70B1A28FAEAC900E93F50 /* ContentView.swift */ = {isa = PBXFileReference; lastKnownFileType = sourcecode.swift; path = ContentView.swift; sourceTree = "<group>"; };
		8AF70B1C28FAEACB00E93F50 /* Assets.xcassets */ = {isa = PBXFileReference; lastKnownFileType = folder.assetcatalog; path = Assets.xcassets; sourceTree = "<group>"; };
		8AF70B1F28FAEACB00E93F50 /* Preview Assets.xcassets */ = {isa = PBXFileReference; lastKnownFileType = folder.assetcatalog; path = "Preview Assets.xcassets"; sourceTree = "<group>"; };
		8AF70B2628FAEFF700E93F50 /* ActivityDetailView.swift */ = {isa = PBXFileReference; lastKnownFileType = sourcecode.swift; path = ActivityDetailView.swift; sourceTree = "<group>"; };
		8AF70B2828FAF2CA00E93F50 /* ActivityCreationView.swift */ = {isa = PBXFileReference; lastKnownFileType = sourcecode.swift; path = ActivityCreationView.swift; sourceTree = "<group>"; };
		8AF70B2A28FB039100E93F50 /* ActivityItem.swift */ = {isa = PBXFileReference; lastKnownFileType = sourcecode.swift; path = ActivityItem.swift; sourceTree = "<group>"; };
		8AF70B2C28FB046200E93F50 /* Activities.swift */ = {isa = PBXFileReference; lastKnownFileType = sourcecode.swift; path = Activities.swift; sourceTree = "<group>"; };
		8AF70B2E28FBB83400E93F50 /* HTButton.swift */ = {isa = PBXFileReference; lastKnownFileType = sourcecode.swift; path = HTButton.swift; sourceTree = "<group>"; };
		8AF70B3028FBBB7F00E93F50 /* UserDefaults+GetArray.swift */ = {isa = PBXFileReference; lastKnownFileType = sourcecode.swift; path = "UserDefaults+GetArray.swift"; sourceTree = "<group>"; };
		8AF70B3528FBFB2C00E93F50 /* CreateActivityViewModel.swift */ = {isa = PBXFileReference; lastKnownFileType = sourcecode.swift; path = CreateActivityViewModel.swift; sourceTree = "<group>"; };
		8AF70B3728FBFF0500E93F50 /* HTTextInput.swift */ = {isa = PBXFileReference; lastKnownFileType = sourcecode.swift; path = HTTextInput.swift; sourceTree = "<group>"; };
		8AF70B3A28FC5AF300E93F50 /* ShowActivityDetailsViewModel.swift */ = {isa = PBXFileReference; lastKnownFileType = sourcecode.swift; path = ShowActivityDetailsViewModel.swift; sourceTree = "<group>"; };
		8AF70B3E28FD477E00E93F50 /* ShowActivityListViewModel.swift */ = {isa = PBXFileReference; lastKnownFileType = sourcecode.swift; path = ShowActivityListViewModel.swift; sourceTree = "<group>"; };
/* End PBXFileReference section */

/* Begin PBXFrameworksBuildPhase section */
		8AF70B1228FAEAC900E93F50 /* Frameworks */ = {
			isa = PBXFrameworksBuildPhase;
			buildActionMask = 2147483647;
			files = (
			);
			runOnlyForDeploymentPostprocessing = 0;
		};
/* End PBXFrameworksBuildPhase section */

/* Begin PBXGroup section */
		8AF70B0C28FAEAC900E93F50 = {
			isa = PBXGroup;
			children = (
				8AF70B1728FAEAC900E93F50 /* HabitTracking */,
				8AF70B1628FAEAC900E93F50 /* Products */,
			);
			sourceTree = "<group>";
		};
		8AF70B1628FAEAC900E93F50 /* Products */ = {
			isa = PBXGroup;
			children = (
				8AF70B1528FAEAC900E93F50 /* HabitTracking.app */,
			);
			name = Products;
			sourceTree = "<group>";
		};
		8AF70B1728FAEAC900E93F50 /* HabitTracking */ = {
			isa = PBXGroup;
			children = (
				8AF70B3228FBBC1600E93F50 /* Views */,
				8AF70B3928FC580A00E93F50 /* ViewModels */,
				8AF70B3328FBBC2500E93F50 /* Model */,
				8AF70B3428FBBC3400E93F50 /* Extensions */,
				8AF70B1828FAEAC900E93F50 /* HabitTrackingApp.swift */,
				8AF70B1A28FAEAC900E93F50 /* ContentView.swift */,
				8AF70B1C28FAEACB00E93F50 /* Assets.xcassets */,
				8AF70B1E28FAEACB00E93F50 /* Preview Content */,
			);
			path = HabitTracking;
			sourceTree = "<group>";
		};
		8AF70B1E28FAEACB00E93F50 /* Preview Content */ = {
			isa = PBXGroup;
			children = (
				8AF70B1F28FAEACB00E93F50 /* Preview Assets.xcassets */,
			);
			path = "Preview Content";
			sourceTree = "<group>";
		};
		8AF70B3228FBBC1600E93F50 /* Views */ = {
			isa = PBXGroup;
			children = (
				8AF70B2E28FBB83400E93F50 /* HTButton.swift */,
				8AF70B3728FBFF0500E93F50 /* HTTextInput.swift */,
				8AF70B2828FAF2CA00E93F50 /* ActivityCreationView.swift */,
				8AF70B2628FAEFF700E93F50 /* ActivityDetailView.swift */,
			);
			path = Views;
			sourceTree = "<group>";
		};
		8AF70B3328FBBC2500E93F50 /* Model */ = {
			isa = PBXGroup;
			children = (
				8AF70B2C28FB046200E93F50 /* Activities.swift */,
				8AF70B2A28FB039100E93F50 /* ActivityItem.swift */,
			);
			path = Model;
			sourceTree = "<group>";
		};
		8AF70B3428FBBC3400E93F50 /* Extensions */ = {
			isa = PBXGroup;
			children = (
				8AF70B3028FBBB7F00E93F50 /* UserDefaults+GetArray.swift */,
			);
			path = Extensions;
			sourceTree = "<group>";
		};
		8AF70B3928FC580A00E93F50 /* ViewModels */ = {
			isa = PBXGroup;
			children = (
				8AF70B3A28FC5AF300E93F50 /* ShowActivityDetailsViewModel.swift */,
				8AF70B3E28FD477E00E93F50 /* ShowActivityListViewModel.swift */,
				8AF70B3528FBFB2C00E93F50 /* CreateActivityViewModel.swift */,
			);
			path = ViewModels;
			sourceTree = "<group>";
		};
/* End PBXGroup section */

/* Begin PBXNativeTarget section */
		8AF70B1428FAEAC900E93F50 /* HabitTracking */ = {
			isa = PBXNativeTarget;
			buildConfigurationList = 8AF70B2328FAEACB00E93F50 /* Build configuration list for PBXNativeTarget "HabitTracking" */;
			buildPhases = (
				8AF70B1128FAEAC900E93F50 /* Sources */,
				8AF70B1228FAEAC900E93F50 /* Frameworks */,
				8AF70B1328FAEAC900E93F50 /* Resources */,
			);
			buildRules = (
			);
			dependencies = (
			);
			name = HabitTracking;
			productName = HabitTracking;
			productReference = 8AF70B1528FAEAC900E93F50 /* HabitTracking.app */;
			productType = "com.apple.product-type.application";
		};
/* End PBXNativeTarget section */

/* Begin PBXProject section */
		8AF70B0D28FAEAC900E93F50 /* Project object */ = {
			isa = PBXProject;
			attributes = {
				BuildIndependentTargetsInParallel = 1;
				LastSwiftUpdateCheck = 1410;
				LastUpgradeCheck = 1410;
				TargetAttributes = {
					8AF70B1428FAEAC900E93F50 = {
						CreatedOnToolsVersion = 14.1;
					};
				};
			};
			buildConfigurationList = 8AF70B1028FAEAC900E93F50 /* Build configuration list for PBXProject "HabitTracking" */;
			compatibilityVersion = "Xcode 14.0";
			developmentRegion = en;
			hasScannedForEncodings = 0;
			knownRegions = (
				en,
				Base,
			);
			mainGroup = 8AF70B0C28FAEAC900E93F50;
			productRefGroup = 8AF70B1628FAEAC900E93F50 /* Products */;
			projectDirPath = "";
			projectRoot = "";
			targets = (
				8AF70B1428FAEAC900E93F50 /* HabitTracking */,
			);
		};
/* End PBXProject section */

/* Begin PBXResourcesBuildPhase section */
		8AF70B1328FAEAC900E93F50 /* Resources */ = {
			isa = PBXResourcesBuildPhase;
			buildActionMask = 2147483647;
			files = (
				8AF70B2028FAEACB00E93F50 /* Preview Assets.xcassets in Resources */,
				8AF70B1D28FAEACB00E93F50 /* Assets.xcassets in Resources */,
			);
			runOnlyForDeploymentPostprocessing = 0;
		};
/* End PBXResourcesBuildPhase section */

/* Begin PBXSourcesBuildPhase section */
		8AF70B1128FAEAC900E93F50 /* Sources */ = {
			isa = PBXSourcesBuildPhase;
			buildActionMask = 2147483647;
			files = (
				8AF70B2B28FB039100E93F50 /* ActivityItem.swift in Sources */,
				8AF70B1B28FAEAC900E93F50 /* ContentView.swift in Sources */,
				8AF70B2D28FB046200E93F50 /* Activities.swift in Sources */,
				8AF70B3B28FC5AF300E93F50 /* ShowActivityDetailsViewModel.swift in Sources */,
				8AF70B2F28FBB83400E93F50 /* HTButton.swift in Sources */,
				8AF70B1928FAEAC900E93F50 /* HabitTrackingApp.swift in Sources */,
				8AF70B2928FAF2CA00E93F50 /* ActivityCreationView.swift in Sources */,
				8AF70B3628FBFB2C00E93F50 /* CreateActivityViewModel.swift in Sources */,
				8AF70B2728FAEFF700E93F50 /* ActivityDetailView.swift in Sources */,
				8AF70B3128FBBB7F00E93F50 /* UserDefaults+GetArray.swift in Sources */,
				8AF70B3F28FD477E00E93F50 /* ShowActivityListViewModel.swift in Sources */,
				8AF70B3828FBFF0500E93F50 /* HTTextInput.swift in Sources */,
			);
			runOnlyForDeploymentPostprocessing = 0;
		};
/* End PBXSourcesBuildPhase section */

/* Begin XCBuildConfiguration section */
		8AF70B2128FAEACB00E93F50 /* Debug */ = {
			isa = XCBuildConfiguration;
			buildSettings = {
				ALWAYS_SEARCH_USER_PATHS = NO;
				CLANG_ANALYZER_NONNULL = YES;
				CLANG_ANALYZER_NUMBER_OBJECT_CONVERSION = YES_AGGRESSIVE;
				CLANG_CXX_LANGUAGE_STANDARD = "gnu++20";
				CLANG_ENABLE_MODULES = YES;
				CLANG_ENABLE_OBJC_ARC = YES;
				CLANG_ENABLE_OBJC_WEAK = YES;
				CLANG_WARN_BLOCK_CAPTURE_AUTORELEASING = YES;
				CLANG_WARN_BOOL_CONVERSION = YES;
				CLANG_WARN_COMMA = YES;
				CLANG_WARN_CONSTANT_CONVERSION = YES;
				CLANG_WARN_DEPRECATED_OBJC_IMPLEMENTATIONS = YES;
				CLANG_WARN_DIRECT_OBJC_ISA_USAGE = YES_ERROR;
				CLANG_WARN_DOCUMENTATION_COMMENTS = YES;
				CLANG_WARN_EMPTY_BODY = YES;
				CLANG_WARN_ENUM_CONVERSION = YES;
				CLANG_WARN_INFINITE_RECURSION = YES;
				CLANG_WARN_INT_CONVERSION = YES;
				CLANG_WARN_NON_LITERAL_NULL_CONVERSION = YES;
				CLANG_WARN_OBJC_IMPLICIT_RETAIN_SELF = YES;
				CLANG_WARN_OBJC_LITERAL_CONVERSION = YES;
				CLANG_WARN_OBJC_ROOT_CLASS = YES_ERROR;
				CLANG_WARN_QUOTED_INCLUDE_IN_FRAMEWORK_HEADER = YES;
				CLANG_WARN_RANGE_LOOP_ANALYSIS = YES;
				CLANG_WARN_STRICT_PROTOTYPES = YES;
				CLANG_WARN_SUSPICIOUS_MOVE = YES;
				CLANG_WARN_UNGUARDED_AVAILABILITY = YES_AGGRESSIVE;
				CLANG_WARN_UNREACHABLE_CODE = YES;
				CLANG_WARN__DUPLICATE_METHOD_MATCH = YES;
				COPY_PHASE_STRIP = NO;
				DEBUG_INFORMATION_FORMAT = dwarf;
				ENABLE_STRICT_OBJC_MSGSEND = YES;
				ENABLE_TESTABILITY = YES;
				GCC_C_LANGUAGE_STANDARD = gnu11;
				GCC_DYNAMIC_NO_PIC = NO;
				GCC_NO_COMMON_BLOCKS = YES;
				GCC_OPTIMIZATION_LEVEL = 0;
				GCC_PREPROCESSOR_DEFINITIONS = (
					"DEBUG=1",
					"$(inherited)",
				);
				GCC_WARN_64_TO_32_BIT_CONVERSION = YES;
				GCC_WARN_ABOUT_RETURN_TYPE = YES_ERROR;
				GCC_WARN_UNDECLARED_SELECTOR = YES;
				GCC_WARN_UNINITIALIZED_AUTOS = YES_AGGRESSIVE;
				GCC_WARN_UNUSED_FUNCTION = YES;
				GCC_WARN_UNUSED_VARIABLE = YES;
				IPHONEOS_DEPLOYMENT_TARGET = 16.1;
				MTL_ENABLE_DEBUG_INFO = INCLUDE_SOURCE;
				MTL_FAST_MATH = YES;
				ONLY_ACTIVE_ARCH = YES;
				SDKROOT = iphoneos;
				SWIFT_ACTIVE_COMPILATION_CONDITIONS = DEBUG;
				SWIFT_OPTIMIZATION_LEVEL = "-Onone";
			};
			name = Debug;
		};
		8AF70B2228FAEACB00E93F50 /* Release */ = {
			isa = XCBuildConfiguration;
			buildSettings = {
				ALWAYS_SEARCH_USER_PATHS = NO;
				CLANG_ANALYZER_NONNULL = YES;
				CLANG_ANALYZER_NUMBER_OBJECT_CONVERSION = YES_AGGRESSIVE;
				CLANG_CXX_LANGUAGE_STANDARD = "gnu++20";
				CLANG_ENABLE_MODULES = YES;
				CLANG_ENABLE_OBJC_ARC = YES;
				CLANG_ENABLE_OBJC_WEAK = YES;
				CLANG_WARN_BLOCK_CAPTURE_AUTORELEASING = YES;
				CLANG_WARN_BOOL_CONVERSION = YES;
				CLANG_WARN_COMMA = YES;
				CLANG_WARN_CONSTANT_CONVERSION = YES;
				CLANG_WARN_DEPRECATED_OBJC_IMPLEMENTATIONS = YES;
				CLANG_WARN_DIRECT_OBJC_ISA_USAGE = YES_ERROR;
				CLANG_WARN_DOCUMENTATION_COMMENTS = YES;
				CLANG_WARN_EMPTY_BODY = YES;
				CLANG_WARN_ENUM_CONVERSION = YES;
				CLANG_WARN_INFINITE_RECURSION = YES;
				CLANG_WARN_INT_CONVERSION = YES;
				CLANG_WARN_NON_LITERAL_NULL_CONVERSION = YES;
				CLANG_WARN_OBJC_IMPLICIT_RETAIN_SELF = YES;
				CLANG_WARN_OBJC_LITERAL_CONVERSION = YES;
				CLANG_WARN_OBJC_ROOT_CLASS = YES_ERROR;
				CLANG_WARN_QUOTED_INCLUDE_IN_FRAMEWORK_HEADER = YES;
				CLANG_WARN_RANGE_LOOP_ANALYSIS = YES;
				CLANG_WARN_STRICT_PROTOTYPES = YES;
				CLANG_WARN_SUSPICIOUS_MOVE = YES;
				CLANG_WARN_UNGUARDED_AVAILABILITY = YES_AGGRESSIVE;
				CLANG_WARN_UNREACHABLE_CODE = YES;
				CLANG_WARN__DUPLICATE_METHOD_MATCH = YES;
				COPY_PHASE_STRIP = NO;
				DEBUG_INFORMATION_FORMAT = "dwarf-with-dsym";
				ENABLE_NS_ASSERTIONS = NO;
				ENABLE_STRICT_OBJC_MSGSEND = YES;
				GCC_C_LANGUAGE_STANDARD = gnu11;
				GCC_NO_COMMON_BLOCKS = YES;
				GCC_WARN_64_TO_32_BIT_CONVERSION = YES;
				GCC_WARN_ABOUT_RETURN_TYPE = YES_ERROR;
				GCC_WARN_UNDECLARED_SELECTOR = YES;
				GCC_WARN_UNINITIALIZED_AUTOS = YES_AGGRESSIVE;
				GCC_WARN_UNUSED_FUNCTION = YES;
				GCC_WARN_UNUSED_VARIABLE = YES;
				IPHONEOS_DEPLOYMENT_TARGET = 16.1;
				MTL_ENABLE_DEBUG_INFO = NO;
				MTL_FAST_MATH = YES;
				SDKROOT = iphoneos;
				SWIFT_COMPILATION_MODE = wholemodule;
				SWIFT_OPTIMIZATION_LEVEL = "-O";
				VALIDATE_PRODUCT = YES;
			};
			name = Release;
		};
		8AF70B2428FAEACB00E93F50 /* Debug */ = {
			isa = XCBuildConfiguration;
			buildSettings = {
				ASSETCATALOG_COMPILER_APPICON_NAME = AppIcon;
				ASSETCATALOG_COMPILER_GLOBAL_ACCENT_COLOR_NAME = AccentColor;
				CODE_SIGN_STYLE = Automatic;
				CURRENT_PROJECT_VERSION = 1;
				DEVELOPMENT_ASSET_PATHS = "\"HabitTracking/Preview Content\"";
				DEVELOPMENT_TEAM = TT8TA55RWH;
				ENABLE_PREVIEWS = YES;
				GENERATE_INFOPLIST_FILE = YES;
				INFOPLIST_KEY_UIApplicationSceneManifest_Generation = YES;
				INFOPLIST_KEY_UIApplicationSupportsIndirectInputEvents = YES;
				INFOPLIST_KEY_UILaunchScreen_Generation = YES;
				INFOPLIST_KEY_UISupportedInterfaceOrientations_iPad = "UIInterfaceOrientationPortrait UIInterfaceOrientationPortraitUpsideDown UIInterfaceOrientationLandscapeLeft UIInterfaceOrientationLandscapeRight";
				INFOPLIST_KEY_UISupportedInterfaceOrientations_iPhone = "UIInterfaceOrientationPortrait UIInterfaceOrientationLandscapeLeft UIInterfaceOrientationLandscapeRight";
				IPHONEOS_DEPLOYMENT_TARGET = 15.6;
				LD_RUNPATH_SEARCH_PATHS = (
					"$(inherited)",
					"@executable_path/Frameworks",
				);
				MARKETING_VERSION = 1.0;
				PRODUCT_BUNDLE_IDENTIFIER = com.projectxmaker.100dosui.HabitTracking;
				PRODUCT_NAME = "$(TARGET_NAME)";
				SWIFT_EMIT_LOC_STRINGS = YES;
				SWIFT_VERSION = 5.0;
				TARGETED_DEVICE_FAMILY = "1,2";
			};
			name = Debug;
		};
		8AF70B2528FAEACB00E93F50 /* Release */ = {
			isa = XCBuildConfiguration;
			buildSettings = {
				ASSETCATALOG_COMPILER_APPICON_NAME = AppIcon;
				ASSETCATALOG_COMPILER_GLOBAL_ACCENT_COLOR_NAME = AccentColor;
				CODE_SIGN_STYLE = Automatic;
				CURRENT_PROJECT_VERSION = 1;
				DEVELOPMENT_ASSET_PATHS = "\"HabitTracking/Preview Content\"";
				DEVELOPMENT_TEAM = TT8TA55RWH;
				ENABLE_PREVIEWS = YES;
				GENERATE_INFOPLIST_FILE = YES;
				INFOPLIST_KEY_UIApplicationSceneManifest_Generation = YES;
				INFOPLIST_KEY_UIApplicationSupportsIndirectInputEvents = YES;
				INFOPLIST_KEY_UILaunchScreen_Generation = YES;
				INFOPLIST_KEY_UISupportedInterfaceOrientations_iPad = "UIInterfaceOrientationPortrait UIInterfaceOrientationPortraitUpsideDown UIInterfaceOrientationLandscapeLeft UIInterfaceOrientationLandscapeRight";
				INFOPLIST_KEY_UISupportedInterfaceOrientations_iPhone = "UIInterfaceOrientationPortrait UIInterfaceOrientationLandscapeLeft UIInterfaceOrientationLandscapeRight";
				IPHONEOS_DEPLOYMENT_TARGET = 15.6;
				LD_RUNPATH_SEARCH_PATHS = (
					"$(inherited)",
					"@executable_path/Frameworks",
				);
				MARKETING_VERSION = 1.0;
				PRODUCT_BUNDLE_IDENTIFIER = com.projectxmaker.100dosui.HabitTracking;
				PRODUCT_NAME = "$(TARGET_NAME)";
				SWIFT_EMIT_LOC_STRINGS = YES;
				SWIFT_VERSION = 5.0;
				TARGETED_DEVICE_FAMILY = "1,2";
			};
			name = Release;
		};
/* End XCBuildConfiguration section */

/* Begin XCConfigurationList section */
		8AF70B1028FAEAC900E93F50 /* Build configuration list for PBXProject "HabitTracking" */ = {
			isa = XCConfigurationList;
			buildConfigurations = (
				8AF70B2128FAEACB00E93F50 /* Debug */,
				8AF70B2228FAEACB00E93F50 /* Release */,
			);
			defaultConfigurationIsVisible = 0;
			defaultConfigurationName = Release;
		};
		8AF70B2328FAEACB00E93F50 /* Build configuration list for PBXNativeTarget "HabitTracking" */ = {
			isa = XCConfigurationList;
			buildConfigurations = (
				8AF70B2428FAEACB00E93F50 /* Debug */,
				8AF70B2528FAEACB00E93F50 /* Release */,
			);
			defaultConfigurationIsVisible = 0;
			defaultConfigurationName = Release;
		};
/* End XCConfigurationList section */
	};
	rootObject = 8AF70B0D28FAEAC900E93F50 /* Project object */;
}
