// !$*UTF8*$!
{
	archiveVersion = 1;
	classes = {
	};
	objectVersion = 56;
	objects = {

/* Begin PBXBuildFile section */
		8A5803E62923561E004DD3CC /* DiceApp.swift in Sources */ = {isa = PBXBuildFile; fileRef = 8A5803E52923561E004DD3CC /* DiceApp.swift */; };
		8A5803E82923561E004DD3CC /* ContentView.swift in Sources */ = {isa = PBXBuildFile; fileRef = 8A5803E72923561E004DD3CC /* ContentView.swift */; };
		8A5803EA2923561F004DD3CC /* Assets.xcassets in Resources */ = {isa = PBXBuildFile; fileRef = 8A5803E92923561F004DD3CC /* Assets.xcassets */; };
		8A5803ED2923561F004DD3CC /* Preview Assets.xcassets in Resources */ = {isa = PBXBuildFile; fileRef = 8A5803EC2923561F004DD3CC /* Preview Assets.xcassets */; };
		8A5803F4292377AC004DD3CC /* DiceView.swift in Sources */ = {isa = PBXBuildFile; fileRef = 8A5803F3292377AC004DD3CC /* DiceView.swift */; };
		8AAB5CAB2927D498004C2482 /* RollingLog.swift in Sources */ = {isa = PBXBuildFile; fileRef = 8AAB5CAA2927D498004C2482 /* RollingLog.swift */; };
		8AAB5CAD2927D5E5004C2482 /* FileManagerJSONEncodeDecode.swift in Sources */ = {isa = PBXBuildFile; fileRef = 8AAB5CAC2927D5E5004C2482 /* FileManagerJSONEncodeDecode.swift */; };
		8AAB5CB12927D8E2004C2482 /* RollingLogManager.swift in Sources */ = {isa = PBXBuildFile; fileRef = 8AAB5CB02927D8E2004C2482 /* RollingLogManager.swift */; };
		8AAB5CB32927D970004C2482 /* DiceListViewModel.swift in Sources */ = {isa = PBXBuildFile; fileRef = 8AAB5CB22927D970004C2482 /* DiceListViewModel.swift */; };
		8AAB5CB52928BC2A004C2482 /* RollingLogListView.swift in Sources */ = {isa = PBXBuildFile; fileRef = 8AAB5CB42928BC2A004C2482 /* RollingLogListView.swift */; };
		8AAB5CB72928BEAC004C2482 /* LogView.swift in Sources */ = {isa = PBXBuildFile; fileRef = 8AAB5CB62928BEAC004C2482 /* LogView.swift */; };
		8AE1F419292B408A00E32FB5 /* Dice.swift in Sources */ = {isa = PBXBuildFile; fileRef = 8AE1F418292B408A00E32FB5 /* Dice.swift */; };
		8AE1F41D292F099B00E32FB5 /* SettingsView.swift in Sources */ = {isa = PBXBuildFile; fileRef = 8AE1F41C292F099B00E32FB5 /* SettingsView.swift */; };
		8AE1F41F292F0A5600E32FB5 /* BottomPanelView.swift in Sources */ = {isa = PBXBuildFile; fileRef = 8AE1F41E292F0A5600E32FB5 /* BottomPanelView.swift */; };
		8AE1F421292F0B1F00E32FB5 /* DiceListView.swift in Sources */ = {isa = PBXBuildFile; fileRef = 8AE1F420292F0B1F00E32FB5 /* DiceListView.swift */; };
		8AE1F428292F0D6B00E32FB5 /* Settings.swift in Sources */ = {isa = PBXBuildFile; fileRef = 8AE1F427292F0D6B00E32FB5 /* Settings.swift */; };
		8AE1F42A292F0DD200E32FB5 /* SettingsManager.swift in Sources */ = {isa = PBXBuildFile; fileRef = 8AE1F429292F0DD200E32FB5 /* SettingsManager.swift */; };
/* End PBXBuildFile section */

/* Begin PBXFileReference section */
		8A5803E22923561E004DD3CC /* Dice.app */ = {isa = PBXFileReference; explicitFileType = wrapper.application; includeInIndex = 0; path = Dice.app; sourceTree = BUILT_PRODUCTS_DIR; };
		8A5803E52923561E004DD3CC /* DiceApp.swift */ = {isa = PBXFileReference; lastKnownFileType = sourcecode.swift; path = DiceApp.swift; sourceTree = "<group>"; };
		8A5803E72923561E004DD3CC /* ContentView.swift */ = {isa = PBXFileReference; lastKnownFileType = sourcecode.swift; path = ContentView.swift; sourceTree = "<group>"; };
		8A5803E92923561F004DD3CC /* Assets.xcassets */ = {isa = PBXFileReference; lastKnownFileType = folder.assetcatalog; path = Assets.xcassets; sourceTree = "<group>"; };
		8A5803EC2923561F004DD3CC /* Preview Assets.xcassets */ = {isa = PBXFileReference; lastKnownFileType = folder.assetcatalog; path = "Preview Assets.xcassets"; sourceTree = "<group>"; };
		8A5803F3292377AC004DD3CC /* DiceView.swift */ = {isa = PBXFileReference; lastKnownFileType = sourcecode.swift; path = DiceView.swift; sourceTree = "<group>"; };
		8AAB5CAA2927D498004C2482 /* RollingLog.swift */ = {isa = PBXFileReference; lastKnownFileType = sourcecode.swift; path = RollingLog.swift; sourceTree = "<group>"; };
		8AAB5CAC2927D5E5004C2482 /* FileManagerJSONEncodeDecode.swift */ = {isa = PBXFileReference; lastKnownFileType = sourcecode.swift; path = FileManagerJSONEncodeDecode.swift; sourceTree = "<group>"; };
		8AAB5CB02927D8E2004C2482 /* RollingLogManager.swift */ = {isa = PBXFileReference; lastKnownFileType = sourcecode.swift; path = RollingLogManager.swift; sourceTree = "<group>"; };
		8AAB5CB22927D970004C2482 /* DiceListViewModel.swift */ = {isa = PBXFileReference; lastKnownFileType = sourcecode.swift; path = DiceListViewModel.swift; sourceTree = "<group>"; };
		8AAB5CB42928BC2A004C2482 /* RollingLogListView.swift */ = {isa = PBXFileReference; lastKnownFileType = sourcecode.swift; path = RollingLogListView.swift; sourceTree = "<group>"; };
		8AAB5CB62928BEAC004C2482 /* LogView.swift */ = {isa = PBXFileReference; lastKnownFileType = sourcecode.swift; path = LogView.swift; sourceTree = "<group>"; };
		8AE1F418292B408A00E32FB5 /* Dice.swift */ = {isa = PBXFileReference; lastKnownFileType = sourcecode.swift; path = Dice.swift; sourceTree = "<group>"; };
		8AE1F41C292F099B00E32FB5 /* SettingsView.swift */ = {isa = PBXFileReference; lastKnownFileType = sourcecode.swift; path = SettingsView.swift; sourceTree = "<group>"; };
		8AE1F41E292F0A5600E32FB5 /* BottomPanelView.swift */ = {isa = PBXFileReference; lastKnownFileType = sourcecode.swift; path = BottomPanelView.swift; sourceTree = "<group>"; };
		8AE1F420292F0B1F00E32FB5 /* DiceListView.swift */ = {isa = PBXFileReference; lastKnownFileType = sourcecode.swift; path = DiceListView.swift; sourceTree = "<group>"; };
		8AE1F427292F0D6B00E32FB5 /* Settings.swift */ = {isa = PBXFileReference; lastKnownFileType = sourcecode.swift; path = Settings.swift; sourceTree = "<group>"; };
		8AE1F429292F0DD200E32FB5 /* SettingsManager.swift */ = {isa = PBXFileReference; lastKnownFileType = sourcecode.swift; path = SettingsManager.swift; sourceTree = "<group>"; };
/* End PBXFileReference section */

/* Begin PBXFrameworksBuildPhase section */
		8A5803DF2923561E004DD3CC /* Frameworks */ = {
			isa = PBXFrameworksBuildPhase;
			buildActionMask = 2147483647;
			files = (
			);
			runOnlyForDeploymentPostprocessing = 0;
		};
/* End PBXFrameworksBuildPhase section */

/* Begin PBXGroup section */
		8A5803D92923561E004DD3CC = {
			isa = PBXGroup;
			children = (
				8A5803E42923561E004DD3CC /* Dice */,
				8A5803E32923561E004DD3CC /* Products */,
			);
			sourceTree = "<group>";
		};
		8A5803E32923561E004DD3CC /* Products */ = {
			isa = PBXGroup;
			children = (
				8A5803E22923561E004DD3CC /* Dice.app */,
			);
			name = Products;
			sourceTree = "<group>";
		};
		8A5803E42923561E004DD3CC /* Dice */ = {
			isa = PBXGroup;
			children = (
				8AE1F422292F0BDC00E32FB5 /* Views */,
				8AE1F423292F0BF200E32FB5 /* ViewModels */,
				8AE1F424292F0C0000E32FB5 /* Data */,
				8AE1F426292F0C1A00E32FB5 /* Extensions */,
				8A5803E52923561E004DD3CC /* DiceApp.swift */,
				8A5803E92923561F004DD3CC /* Assets.xcassets */,
				8A5803EB2923561F004DD3CC /* Preview Content */,
			);
			path = Dice;
			sourceTree = "<group>";
		};
		8A5803EB2923561F004DD3CC /* Preview Content */ = {
			isa = PBXGroup;
			children = (
				8A5803EC2923561F004DD3CC /* Preview Assets.xcassets */,
			);
			path = "Preview Content";
			sourceTree = "<group>";
		};
		8AE1F422292F0BDC00E32FB5 /* Views */ = {
			isa = PBXGroup;
			children = (
				8A5803E72923561E004DD3CC /* ContentView.swift */,
				8AE1F420292F0B1F00E32FB5 /* DiceListView.swift */,
				8AE1F41E292F0A5600E32FB5 /* BottomPanelView.swift */,
				8AE1F41C292F099B00E32FB5 /* SettingsView.swift */,
				8A5803F3292377AC004DD3CC /* DiceView.swift */,
				8AAB5CB42928BC2A004C2482 /* RollingLogListView.swift */,
				8AAB5CB62928BEAC004C2482 /* LogView.swift */,
			);
			path = Views;
			sourceTree = "<group>";
		};
		8AE1F423292F0BF200E32FB5 /* ViewModels */ = {
			isa = PBXGroup;
			children = (
				8AAB5CB22927D970004C2482 /* DiceListViewModel.swift */,
			);
			path = ViewModels;
			sourceTree = "<group>";
		};
		8AE1F424292F0C0000E32FB5 /* Data */ = {
			isa = PBXGroup;
			children = (
				8AE1F425292F0C0A00E32FB5 /* Model */,
				8AAB5CB02927D8E2004C2482 /* RollingLogManager.swift */,
				8AE1F429292F0DD200E32FB5 /* SettingsManager.swift */,
			);
			path = Data;
			sourceTree = "<group>";
		};
		8AE1F425292F0C0A00E32FB5 /* Model */ = {
			isa = PBXGroup;
			children = (
				8AE1F427292F0D6B00E32FB5 /* Settings.swift */,
				8AE1F418292B408A00E32FB5 /* Dice.swift */,
				8AAB5CAA2927D498004C2482 /* RollingLog.swift */,
			);
			path = Model;
			sourceTree = "<group>";
		};
		8AE1F426292F0C1A00E32FB5 /* Extensions */ = {
			isa = PBXGroup;
			children = (
				8AAB5CAC2927D5E5004C2482 /* FileManagerJSONEncodeDecode.swift */,
			);
			path = Extensions;
			sourceTree = "<group>";
		};
/* End PBXGroup section */

/* Begin PBXNativeTarget section */
		8A5803E12923561E004DD3CC /* Dice */ = {
			isa = PBXNativeTarget;
			buildConfigurationList = 8A5803F02923561F004DD3CC /* Build configuration list for PBXNativeTarget "Dice" */;
			buildPhases = (
				8A5803DE2923561E004DD3CC /* Sources */,
				8A5803DF2923561E004DD3CC /* Frameworks */,
				8A5803E02923561E004DD3CC /* Resources */,
			);
			buildRules = (
			);
			dependencies = (
			);
			name = Dice;
			productName = Dice;
			productReference = 8A5803E22923561E004DD3CC /* Dice.app */;
			productType = "com.apple.product-type.application";
		};
/* End PBXNativeTarget section */

/* Begin PBXProject section */
		8A5803DA2923561E004DD3CC /* Project object */ = {
			isa = PBXProject;
			attributes = {
				BuildIndependentTargetsInParallel = 1;
				LastSwiftUpdateCheck = 1410;
				LastUpgradeCheck = 1410;
				TargetAttributes = {
					8A5803E12923561E004DD3CC = {
						CreatedOnToolsVersion = 14.1;
					};
				};
			};
			buildConfigurationList = 8A5803DD2923561E004DD3CC /* Build configuration list for PBXProject "Dice" */;
			compatibilityVersion = "Xcode 14.0";
			developmentRegion = en;
			hasScannedForEncodings = 0;
			knownRegions = (
				en,
				Base,
			);
			mainGroup = 8A5803D92923561E004DD3CC;
			productRefGroup = 8A5803E32923561E004DD3CC /* Products */;
			projectDirPath = "";
			projectRoot = "";
			targets = (
				8A5803E12923561E004DD3CC /* Dice */,
			);
		};
/* End PBXProject section */

/* Begin PBXResourcesBuildPhase section */
		8A5803E02923561E004DD3CC /* Resources */ = {
			isa = PBXResourcesBuildPhase;
			buildActionMask = 2147483647;
			files = (
				8A5803ED2923561F004DD3CC /* Preview Assets.xcassets in Resources */,
				8A5803EA2923561F004DD3CC /* Assets.xcassets in Resources */,
			);
			runOnlyForDeploymentPostprocessing = 0;
		};
/* End PBXResourcesBuildPhase section */

/* Begin PBXSourcesBuildPhase section */
		8A5803DE2923561E004DD3CC /* Sources */ = {
			isa = PBXSourcesBuildPhase;
			buildActionMask = 2147483647;
			files = (
				8AAB5CAB2927D498004C2482 /* RollingLog.swift in Sources */,
				8AAB5CB52928BC2A004C2482 /* RollingLogListView.swift in Sources */,
				8AE1F421292F0B1F00E32FB5 /* DiceListView.swift in Sources */,
				8A5803E82923561E004DD3CC /* ContentView.swift in Sources */,
				8AE1F428292F0D6B00E32FB5 /* Settings.swift in Sources */,
				8AAB5CB72928BEAC004C2482 /* LogView.swift in Sources */,
				8AE1F41F292F0A5600E32FB5 /* BottomPanelView.swift in Sources */,
				8AAB5CB12927D8E2004C2482 /* RollingLogManager.swift in Sources */,
				8AE1F419292B408A00E32FB5 /* Dice.swift in Sources */,
				8A5803F4292377AC004DD3CC /* DiceView.swift in Sources */,
				8A5803E62923561E004DD3CC /* DiceApp.swift in Sources */,
				8AE1F42A292F0DD200E32FB5 /* SettingsManager.swift in Sources */,
				8AAB5CAD2927D5E5004C2482 /* FileManagerJSONEncodeDecode.swift in Sources */,
				8AAB5CB32927D970004C2482 /* DiceListViewModel.swift in Sources */,
				8AE1F41D292F099B00E32FB5 /* SettingsView.swift in Sources */,
			);
			runOnlyForDeploymentPostprocessing = 0;
		};
/* End PBXSourcesBuildPhase section */

/* Begin XCBuildConfiguration section */
		8A5803EE2923561F004DD3CC /* Debug */ = {
			isa = XCBuildConfiguration;
			buildSettings = {
				ALWAYS_SEARCH_USER_PATHS = NO;
				CLANG_ANALYZER_NONNULL = YES;
				CLANG_ANALYZER_NUMBER_OBJECT_CONVERSION = YES_AGGRESSIVE;
				CLANG_CXX_LANGUAGE_STANDARD = "gnu++20";
				CLANG_ENABLE_MODULES = YES;
				CLANG_ENABLE_OBJC_ARC = YES;
				CLANG_ENABLE_OBJC_WEAK = YES;
				CLANG_WARN_BLOCK_CAPTURE_AUTORELEASING = YES;
				CLANG_WARN_BOOL_CONVERSION = YES;
				CLANG_WARN_COMMA = YES;
				CLANG_WARN_CONSTANT_CONVERSION = YES;
				CLANG_WARN_DEPRECATED_OBJC_IMPLEMENTATIONS = YES;
				CLANG_WARN_DIRECT_OBJC_ISA_USAGE = YES_ERROR;
				CLANG_WARN_DOCUMENTATION_COMMENTS = YES;
				CLANG_WARN_EMPTY_BODY = YES;
				CLANG_WARN_ENUM_CONVERSION = YES;
				CLANG_WARN_INFINITE_RECURSION = YES;
				CLANG_WARN_INT_CONVERSION = YES;
				CLANG_WARN_NON_LITERAL_NULL_CONVERSION = YES;
				CLANG_WARN_OBJC_IMPLICIT_RETAIN_SELF = YES;
				CLANG_WARN_OBJC_LITERAL_CONVERSION = YES;
				CLANG_WARN_OBJC_ROOT_CLASS = YES_ERROR;
				CLANG_WARN_QUOTED_INCLUDE_IN_FRAMEWORK_HEADER = YES;
				CLANG_WARN_RANGE_LOOP_ANALYSIS = YES;
				CLANG_WARN_STRICT_PROTOTYPES = YES;
				CLANG_WARN_SUSPICIOUS_MOVE = YES;
				CLANG_WARN_UNGUARDED_AVAILABILITY = YES_AGGRESSIVE;
				CLANG_WARN_UNREACHABLE_CODE = YES;
				CLANG_WARN__DUPLICATE_METHOD_MATCH = YES;
				COPY_PHASE_STRIP = NO;
				DEBUG_INFORMATION_FORMAT = dwarf;
				ENABLE_STRICT_OBJC_MSGSEND = YES;
				ENABLE_TESTABILITY = YES;
				GCC_C_LANGUAGE_STANDARD = gnu11;
				GCC_DYNAMIC_NO_PIC = NO;
				GCC_NO_COMMON_BLOCKS = YES;
				GCC_OPTIMIZATION_LEVEL = 0;
				GCC_PREPROCESSOR_DEFINITIONS = (
					"DEBUG=1",
					"$(inherited)",
				);
				GCC_WARN_64_TO_32_BIT_CONVERSION = YES;
				GCC_WARN_ABOUT_RETURN_TYPE = YES_ERROR;
				GCC_WARN_UNDECLARED_SELECTOR = YES;
				GCC_WARN_UNINITIALIZED_AUTOS = YES_AGGRESSIVE;
				GCC_WARN_UNUSED_FUNCTION = YES;
				GCC_WARN_UNUSED_VARIABLE = YES;
				IPHONEOS_DEPLOYMENT_TARGET = 16.1;
				MTL_ENABLE_DEBUG_INFO = INCLUDE_SOURCE;
				MTL_FAST_MATH = YES;
				ONLY_ACTIVE_ARCH = YES;
				SDKROOT = iphoneos;
				SWIFT_ACTIVE_COMPILATION_CONDITIONS = DEBUG;
				SWIFT_OPTIMIZATION_LEVEL = "-Onone";
			};
			name = Debug;
		};
		8A5803EF2923561F004DD3CC /* Release */ = {
			isa = XCBuildConfiguration;
			buildSettings = {
				ALWAYS_SEARCH_USER_PATHS = NO;
				CLANG_ANALYZER_NONNULL = YES;
				CLANG_ANALYZER_NUMBER_OBJECT_CONVERSION = YES_AGGRESSIVE;
				CLANG_CXX_LANGUAGE_STANDARD = "gnu++20";
				CLANG_ENABLE_MODULES = YES;
				CLANG_ENABLE_OBJC_ARC = YES;
				CLANG_ENABLE_OBJC_WEAK = YES;
				CLANG_WARN_BLOCK_CAPTURE_AUTORELEASING = YES;
				CLANG_WARN_BOOL_CONVERSION = YES;
				CLANG_WARN_COMMA = YES;
				CLANG_WARN_CONSTANT_CONVERSION = YES;
				CLANG_WARN_DEPRECATED_OBJC_IMPLEMENTATIONS = YES;
				CLANG_WARN_DIRECT_OBJC_ISA_USAGE = YES_ERROR;
				CLANG_WARN_DOCUMENTATION_COMMENTS = YES;
				CLANG_WARN_EMPTY_BODY = YES;
				CLANG_WARN_ENUM_CONVERSION = YES;
				CLANG_WARN_INFINITE_RECURSION = YES;
				CLANG_WARN_INT_CONVERSION = YES;
				CLANG_WARN_NON_LITERAL_NULL_CONVERSION = YES;
				CLANG_WARN_OBJC_IMPLICIT_RETAIN_SELF = YES;
				CLANG_WARN_OBJC_LITERAL_CONVERSION = YES;
				CLANG_WARN_OBJC_ROOT_CLASS = YES_ERROR;
				CLANG_WARN_QUOTED_INCLUDE_IN_FRAMEWORK_HEADER = YES;
				CLANG_WARN_RANGE_LOOP_ANALYSIS = YES;
				CLANG_WARN_STRICT_PROTOTYPES = YES;
				CLANG_WARN_SUSPICIOUS_MOVE = YES;
				CLANG_WARN_UNGUARDED_AVAILABILITY = YES_AGGRESSIVE;
				CLANG_WARN_UNREACHABLE_CODE = YES;
				CLANG_WARN__DUPLICATE_METHOD_MATCH = YES;
				COPY_PHASE_STRIP = NO;
				DEBUG_INFORMATION_FORMAT = "dwarf-with-dsym";
				ENABLE_NS_ASSERTIONS = NO;
				ENABLE_STRICT_OBJC_MSGSEND = YES;
				GCC_C_LANGUAGE_STANDARD = gnu11;
				GCC_NO_COMMON_BLOCKS = YES;
				GCC_WARN_64_TO_32_BIT_CONVERSION = YES;
				GCC_WARN_ABOUT_RETURN_TYPE = YES_ERROR;
				GCC_WARN_UNDECLARED_SELECTOR = YES;
				GCC_WARN_UNINITIALIZED_AUTOS = YES_AGGRESSIVE;
				GCC_WARN_UNUSED_FUNCTION = YES;
				GCC_WARN_UNUSED_VARIABLE = YES;
				IPHONEOS_DEPLOYMENT_TARGET = 16.1;
				MTL_ENABLE_DEBUG_INFO = NO;
				MTL_FAST_MATH = YES;
				SDKROOT = iphoneos;
				SWIFT_COMPILATION_MODE = wholemodule;
				SWIFT_OPTIMIZATION_LEVEL = "-O";
				VALIDATE_PRODUCT = YES;
			};
			name = Release;
		};
		8A5803F12923561F004DD3CC /* Debug */ = {
			isa = XCBuildConfiguration;
			buildSettings = {
				ASSETCATALOG_COMPILER_APPICON_NAME = AppIcon;
				ASSETCATALOG_COMPILER_GLOBAL_ACCENT_COLOR_NAME = AccentColor;
				CODE_SIGN_STYLE = Automatic;
				CURRENT_PROJECT_VERSION = 1;
				DEVELOPMENT_ASSET_PATHS = "\"Dice/Preview Content\"";
				DEVELOPMENT_TEAM = TT8TA55RWH;
				ENABLE_PREVIEWS = YES;
				GENERATE_INFOPLIST_FILE = YES;
				INFOPLIST_KEY_UIApplicationSceneManifest_Generation = YES;
				INFOPLIST_KEY_UIApplicationSupportsIndirectInputEvents = YES;
				INFOPLIST_KEY_UILaunchScreen_Generation = YES;
				INFOPLIST_KEY_UISupportedInterfaceOrientations_iPad = "UIInterfaceOrientationPortrait UIInterfaceOrientationPortraitUpsideDown UIInterfaceOrientationLandscapeLeft UIInterfaceOrientationLandscapeRight";
				INFOPLIST_KEY_UISupportedInterfaceOrientations_iPhone = "UIInterfaceOrientationPortrait UIInterfaceOrientationLandscapeLeft UIInterfaceOrientationLandscapeRight";
				LD_RUNPATH_SEARCH_PATHS = (
					"$(inherited)",
					"@executable_path/Frameworks",
				);
				MARKETING_VERSION = 1.0;
				PRODUCT_BUNDLE_IDENTIFIER = com.projectxmaker.100dosui.Dice;
				PRODUCT_NAME = "$(TARGET_NAME)";
				SWIFT_EMIT_LOC_STRINGS = YES;
				SWIFT_VERSION = 5.0;
				TARGETED_DEVICE_FAMILY = "1,2";
			};
			name = Debug;
		};
		8A5803F22923561F004DD3CC /* Release */ = {
			isa = XCBuildConfiguration;
			buildSettings = {
				ASSETCATALOG_COMPILER_APPICON_NAME = AppIcon;
				ASSETCATALOG_COMPILER_GLOBAL_ACCENT_COLOR_NAME = AccentColor;
				CODE_SIGN_STYLE = Automatic;
				CURRENT_PROJECT_VERSION = 1;
				DEVELOPMENT_ASSET_PATHS = "\"Dice/Preview Content\"";
				DEVELOPMENT_TEAM = TT8TA55RWH;
				ENABLE_PREVIEWS = YES;
				GENERATE_INFOPLIST_FILE = YES;
				INFOPLIST_KEY_UIApplicationSceneManifest_Generation = YES;
				INFOPLIST_KEY_UIApplicationSupportsIndirectInputEvents = YES;
				INFOPLIST_KEY_UILaunchScreen_Generation = YES;
				INFOPLIST_KEY_UISupportedInterfaceOrientations_iPad = "UIInterfaceOrientationPortrait UIInterfaceOrientationPortraitUpsideDown UIInterfaceOrientationLandscapeLeft UIInterfaceOrientationLandscapeRight";
				INFOPLIST_KEY_UISupportedInterfaceOrientations_iPhone = "UIInterfaceOrientationPortrait UIInterfaceOrientationLandscapeLeft UIInterfaceOrientationLandscapeRight";
				LD_RUNPATH_SEARCH_PATHS = (
					"$(inherited)",
					"@executable_path/Frameworks",
				);
				MARKETING_VERSION = 1.0;
				PRODUCT_BUNDLE_IDENTIFIER = com.projectxmaker.100dosui.Dice;
				PRODUCT_NAME = "$(TARGET_NAME)";
				SWIFT_EMIT_LOC_STRINGS = YES;
				SWIFT_VERSION = 5.0;
				TARGETED_DEVICE_FAMILY = "1,2";
			};
			name = Release;
		};
/* End XCBuildConfiguration section */

/* Begin XCConfigurationList section */
		8A5803DD2923561E004DD3CC /* Build configuration list for PBXProject "Dice" */ = {
			isa = XCConfigurationList;
			buildConfigurations = (
				8A5803EE2923561F004DD3CC /* Debug */,
				8A5803EF2923561F004DD3CC /* Release */,
			);
			defaultConfigurationIsVisible = 0;
			defaultConfigurationName = Release;
		};
		8A5803F02923561F004DD3CC /* Build configuration list for PBXNativeTarget "Dice" */ = {
			isa = XCConfigurationList;
			buildConfigurations = (
				8A5803F12923561F004DD3CC /* Debug */,
				8A5803F22923561F004DD3CC /* Release */,
			);
			defaultConfigurationIsVisible = 0;
			defaultConfigurationName = Release;
		};
/* End XCConfigurationList section */
	};
	rootObject = 8A5803DA2923561E004DD3CC /* Project object */;
}
