// !$*UTF8*$!
{
	archiveVersion = 1;
	classes = {
	};
	objectVersion = 56;
	objects = {

/* Begin PBXBuildFile section */
		8A9E49A2294770DB000B84D6 /* resorts.json in Resources */ = {isa = PBXBuildFile; fileRef = 8A9E49A1294770DB000B84D6 /* resorts.json */; };
		8A9E49A42947714B000B84D6 /* Resort.swift in Sources */ = {isa = PBXBuildFile; fileRef = 8A9E49A32947714B000B84D6 /* Resort.swift */; };
		8A9E49A629477188000B84D6 /* Bundle-Decodable.swift in Sources */ = {isa = PBXBuildFile; fileRef = 8A9E49A529477188000B84D6 /* Bundle-Decodable.swift */; };
		8A9E49A829477681000B84D6 /* ResortView.swift in Sources */ = {isa = PBXBuildFile; fileRef = 8A9E49A729477681000B84D6 /* ResortView.swift */; };
		8A9E49AA2947770A000B84D6 /* SkiDetailsView.swift in Sources */ = {isa = PBXBuildFile; fileRef = 8A9E49A92947770A000B84D6 /* SkiDetailsView.swift */; };
		8A9E49AC294777A6000B84D6 /* ResortDetailsView.swift in Sources */ = {isa = PBXBuildFile; fileRef = 8A9E49AB294777A6000B84D6 /* ResortDetailsView.swift */; };
		8A9E49AE29477E3F000B84D6 /* Facility.swift in Sources */ = {isa = PBXBuildFile; fileRef = 8A9E49AD29477E3F000B84D6 /* Facility.swift */; };
		8A9E49B0294780E9000B84D6 /* Favourites.swift in Sources */ = {isa = PBXBuildFile; fileRef = 8A9E49AF294780E9000B84D6 /* Favourites.swift */; };
		8AB6822B2948092F004F9349 /* FileManager-JSON.swift in Sources */ = {isa = PBXBuildFile; fileRef = 8AB6822A2948092F004F9349 /* FileManager-JSON.swift */; };
		8AFBE3322947676B00F32DC6 /* SnowSeekerApp.swift in Sources */ = {isa = PBXBuildFile; fileRef = 8AFBE3312947676B00F32DC6 /* SnowSeekerApp.swift */; };
		8AFBE3342947676B00F32DC6 /* ContentView.swift in Sources */ = {isa = PBXBuildFile; fileRef = 8AFBE3332947676B00F32DC6 /* ContentView.swift */; };
		8AFBE3362947676C00F32DC6 /* Assets.xcassets in Resources */ = {isa = PBXBuildFile; fileRef = 8AFBE3352947676C00F32DC6 /* Assets.xcassets */; };
		8AFBE3392947676C00F32DC6 /* Preview Assets.xcassets in Resources */ = {isa = PBXBuildFile; fileRef = 8AFBE3382947676C00F32DC6 /* Preview Assets.xcassets */; };
/* End PBXBuildFile section */

/* Begin PBXFileReference section */
		8A9E49A1294770DB000B84D6 /* resorts.json */ = {isa = PBXFileReference; fileEncoding = 4; lastKnownFileType = text.json; path = resorts.json; sourceTree = "<group>"; };
		8A9E49A32947714B000B84D6 /* Resort.swift */ = {isa = PBXFileReference; lastKnownFileType = sourcecode.swift; path = Resort.swift; sourceTree = "<group>"; };
		8A9E49A529477188000B84D6 /* Bundle-Decodable.swift */ = {isa = PBXFileReference; lastKnownFileType = sourcecode.swift; path = "Bundle-Decodable.swift"; sourceTree = "<group>"; };
		8A9E49A729477681000B84D6 /* ResortView.swift */ = {isa = PBXFileReference; lastKnownFileType = sourcecode.swift; path = ResortView.swift; sourceTree = "<group>"; };
		8A9E49A92947770A000B84D6 /* SkiDetailsView.swift */ = {isa = PBXFileReference; lastKnownFileType = sourcecode.swift; path = SkiDetailsView.swift; sourceTree = "<group>"; };
		8A9E49AB294777A6000B84D6 /* ResortDetailsView.swift */ = {isa = PBXFileReference; lastKnownFileType = sourcecode.swift; path = ResortDetailsView.swift; sourceTree = "<group>"; };
		8A9E49AD29477E3F000B84D6 /* Facility.swift */ = {isa = PBXFileReference; lastKnownFileType = sourcecode.swift; path = Facility.swift; sourceTree = "<group>"; };
		8A9E49AF294780E9000B84D6 /* Favourites.swift */ = {isa = PBXFileReference; lastKnownFileType = sourcecode.swift; path = Favourites.swift; sourceTree = "<group>"; };
		8AB6822A2948092F004F9349 /* FileManager-JSON.swift */ = {isa = PBXFileReference; lastKnownFileType = sourcecode.swift; path = "FileManager-JSON.swift"; sourceTree = "<group>"; };
		8AFBE32E2947676B00F32DC6 /* SnowSeeker.app */ = {isa = PBXFileReference; explicitFileType = wrapper.application; includeInIndex = 0; path = SnowSeeker.app; sourceTree = BUILT_PRODUCTS_DIR; };
		8AFBE3312947676B00F32DC6 /* SnowSeekerApp.swift */ = {isa = PBXFileReference; lastKnownFileType = sourcecode.swift; path = SnowSeekerApp.swift; sourceTree = "<group>"; };
		8AFBE3332947676B00F32DC6 /* ContentView.swift */ = {isa = PBXFileReference; lastKnownFileType = sourcecode.swift; path = ContentView.swift; sourceTree = "<group>"; };
		8AFBE3352947676C00F32DC6 /* Assets.xcassets */ = {isa = PBXFileReference; lastKnownFileType = folder.assetcatalog; path = Assets.xcassets; sourceTree = "<group>"; };
		8AFBE3382947676C00F32DC6 /* Preview Assets.xcassets */ = {isa = PBXFileReference; lastKnownFileType = folder.assetcatalog; path = "Preview Assets.xcassets"; sourceTree = "<group>"; };
/* End PBXFileReference section */

/* Begin PBXFrameworksBuildPhase section */
		8AFBE32B2947676B00F32DC6 /* Frameworks */ = {
			isa = PBXFrameworksBuildPhase;
			buildActionMask = 2147483647;
			files = (
			);
			runOnlyForDeploymentPostprocessing = 0;
		};
/* End PBXFrameworksBuildPhase section */

/* Begin PBXGroup section */
		8AFBE3252947676B00F32DC6 = {
			isa = PBXGroup;
			children = (
				8AFBE3302947676B00F32DC6 /* SnowSeeker */,
				8AFBE32F2947676B00F32DC6 /* Products */,
			);
			sourceTree = "<group>";
		};
		8AFBE32F2947676B00F32DC6 /* Products */ = {
			isa = PBXGroup;
			children = (
				8AFBE32E2947676B00F32DC6 /* SnowSeeker.app */,
			);
			name = Products;
			sourceTree = "<group>";
		};
		8AFBE3302947676B00F32DC6 /* SnowSeeker */ = {
			isa = PBXGroup;
			children = (
				8AFBE3312947676B00F32DC6 /* SnowSeekerApp.swift */,
				8AFBE3332947676B00F32DC6 /* ContentView.swift */,
				8A9E49A729477681000B84D6 /* ResortView.swift */,
				8A9E49AD29477E3F000B84D6 /* Facility.swift */,
				8A9E49AF294780E9000B84D6 /* Favourites.swift */,
				8A9E49A92947770A000B84D6 /* SkiDetailsView.swift */,
				8A9E49AB294777A6000B84D6 /* ResortDetailsView.swift */,
				8AFBE3352947676C00F32DC6 /* Assets.xcassets */,
				8A9E49A32947714B000B84D6 /* Resort.swift */,
				8A9E49A529477188000B84D6 /* Bundle-Decodable.swift */,
				8AB6822A2948092F004F9349 /* FileManager-JSON.swift */,
				8A9E49A1294770DB000B84D6 /* resorts.json */,
				8AFBE3372947676C00F32DC6 /* Preview Content */,
			);
			path = SnowSeeker;
			sourceTree = "<group>";
		};
		8AFBE3372947676C00F32DC6 /* Preview Content */ = {
			isa = PBXGroup;
			children = (
				8AFBE3382947676C00F32DC6 /* Preview Assets.xcassets */,
			);
			path = "Preview Content";
			sourceTree = "<group>";
		};
/* End PBXGroup section */

/* Begin PBXNativeTarget section */
		8AFBE32D2947676B00F32DC6 /* SnowSeeker */ = {
			isa = PBXNativeTarget;
			buildConfigurationList = 8AFBE33C2947676C00F32DC6 /* Build configuration list for PBXNativeTarget "SnowSeeker" */;
			buildPhases = (
				8AFBE32A2947676B00F32DC6 /* Sources */,
				8AFBE32B2947676B00F32DC6 /* Frameworks */,
				8AFBE32C2947676B00F32DC6 /* Resources */,
			);
			buildRules = (
			);
			dependencies = (
			);
			name = SnowSeeker;
			productName = SnowSeeker;
			productReference = 8AFBE32E2947676B00F32DC6 /* SnowSeeker.app */;
			productType = "com.apple.product-type.application";
		};
/* End PBXNativeTarget section */

/* Begin PBXProject section */
		8AFBE3262947676B00F32DC6 /* Project object */ = {
			isa = PBXProject;
			attributes = {
				BuildIndependentTargetsInParallel = 1;
				LastSwiftUpdateCheck = 1410;
				LastUpgradeCheck = 1410;
				TargetAttributes = {
					8AFBE32D2947676B00F32DC6 = {
						CreatedOnToolsVersion = 14.1;
					};
				};
			};
			buildConfigurationList = 8AFBE3292947676B00F32DC6 /* Build configuration list for PBXProject "SnowSeeker" */;
			compatibilityVersion = "Xcode 14.0";
			developmentRegion = en;
			hasScannedForEncodings = 0;
			knownRegions = (
				en,
				Base,
			);
			mainGroup = 8AFBE3252947676B00F32DC6;
			productRefGroup = 8AFBE32F2947676B00F32DC6 /* Products */;
			projectDirPath = "";
			projectRoot = "";
			targets = (
				8AFBE32D2947676B00F32DC6 /* SnowSeeker */,
			);
		};
/* End PBXProject section */

/* Begin PBXResourcesBuildPhase section */
		8AFBE32C2947676B00F32DC6 /* Resources */ = {
			isa = PBXResourcesBuildPhase;
			buildActionMask = 2147483647;
			files = (
				8A9E49A2294770DB000B84D6 /* resorts.json in Resources */,
				8AFBE3392947676C00F32DC6 /* Preview Assets.xcassets in Resources */,
				8AFBE3362947676C00F32DC6 /* Assets.xcassets in Resources */,
			);
			runOnlyForDeploymentPostprocessing = 0;
		};
/* End PBXResourcesBuildPhase section */

/* Begin PBXSourcesBuildPhase section */
		8AFBE32A2947676B00F32DC6 /* Sources */ = {
			isa = PBXSourcesBuildPhase;
			buildActionMask = 2147483647;
			files = (
				8AFBE3342947676B00F32DC6 /* ContentView.swift in Sources */,
				8A9E49AA2947770A000B84D6 /* SkiDetailsView.swift in Sources */,
				8A9E49A42947714B000B84D6 /* Resort.swift in Sources */,
				8AB6822B2948092F004F9349 /* FileManager-JSON.swift in Sources */,
				8A9E49A829477681000B84D6 /* ResortView.swift in Sources */,
				8AFBE3322947676B00F32DC6 /* SnowSeekerApp.swift in Sources */,
				8A9E49AC294777A6000B84D6 /* ResortDetailsView.swift in Sources */,
				8A9E49AE29477E3F000B84D6 /* Facility.swift in Sources */,
				8A9E49B0294780E9000B84D6 /* Favourites.swift in Sources */,
				8A9E49A629477188000B84D6 /* Bundle-Decodable.swift in Sources */,
			);
			runOnlyForDeploymentPostprocessing = 0;
		};
/* End PBXSourcesBuildPhase section */

/* Begin XCBuildConfiguration section */
		8AFBE33A2947676C00F32DC6 /* Debug */ = {
			isa = XCBuildConfiguration;
			buildSettings = {
				ALWAYS_SEARCH_USER_PATHS = NO;
				CLANG_ANALYZER_NONNULL = YES;
				CLANG_ANALYZER_NUMBER_OBJECT_CONVERSION = YES_AGGRESSIVE;
				CLANG_CXX_LANGUAGE_STANDARD = "gnu++20";
				CLANG_ENABLE_MODULES = YES;
				CLANG_ENABLE_OBJC_ARC = YES;
				CLANG_ENABLE_OBJC_WEAK = YES;
				CLANG_WARN_BLOCK_CAPTURE_AUTORELEASING = YES;
				CLANG_WARN_BOOL_CONVERSION = YES;
				CLANG_WARN_COMMA = YES;
				CLANG_WARN_CONSTANT_CONVERSION = YES;
				CLANG_WARN_DEPRECATED_OBJC_IMPLEMENTATIONS = YES;
				CLANG_WARN_DIRECT_OBJC_ISA_USAGE = YES_ERROR;
				CLANG_WARN_DOCUMENTATION_COMMENTS = YES;
				CLANG_WARN_EMPTY_BODY = YES;
				CLANG_WARN_ENUM_CONVERSION = YES;
				CLANG_WARN_INFINITE_RECURSION = YES;
				CLANG_WARN_INT_CONVERSION = YES;
				CLANG_WARN_NON_LITERAL_NULL_CONVERSION = YES;
				CLANG_WARN_OBJC_IMPLICIT_RETAIN_SELF = YES;
				CLANG_WARN_OBJC_LITERAL_CONVERSION = YES;
				CLANG_WARN_OBJC_ROOT_CLASS = YES_ERROR;
				CLANG_WARN_QUOTED_INCLUDE_IN_FRAMEWORK_HEADER = YES;
				CLANG_WARN_RANGE_LOOP_ANALYSIS = YES;
				CLANG_WARN_STRICT_PROTOTYPES = YES;
				CLANG_WARN_SUSPICIOUS_MOVE = YES;
				CLANG_WARN_UNGUARDED_AVAILABILITY = YES_AGGRESSIVE;
				CLANG_WARN_UNREACHABLE_CODE = YES;
				CLANG_WARN__DUPLICATE_METHOD_MATCH = YES;
				COPY_PHASE_STRIP = NO;
				DEBUG_INFORMATION_FORMAT = dwarf;
				ENABLE_STRICT_OBJC_MSGSEND = YES;
				ENABLE_TESTABILITY = YES;
				GCC_C_LANGUAGE_STANDARD = gnu11;
				GCC_DYNAMIC_NO_PIC = NO;
				GCC_NO_COMMON_BLOCKS = YES;
				GCC_OPTIMIZATION_LEVEL = 0;
				GCC_PREPROCESSOR_DEFINITIONS = (
					"DEBUG=1",
					"$(inherited)",
				);
				GCC_WARN_64_TO_32_BIT_CONVERSION = YES;
				GCC_WARN_ABOUT_RETURN_TYPE = YES_ERROR;
				GCC_WARN_UNDECLARED_SELECTOR = YES;
				GCC_WARN_UNINITIALIZED_AUTOS = YES_AGGRESSIVE;
				GCC_WARN_UNUSED_FUNCTION = YES;
				GCC_WARN_UNUSED_VARIABLE = YES;
				IPHONEOS_DEPLOYMENT_TARGET = 16.1;
				MTL_ENABLE_DEBUG_INFO = INCLUDE_SOURCE;
				MTL_FAST_MATH = YES;
				ONLY_ACTIVE_ARCH = YES;
				SDKROOT = iphoneos;
				SWIFT_ACTIVE_COMPILATION_CONDITIONS = DEBUG;
				SWIFT_OPTIMIZATION_LEVEL = "-Onone";
			};
			name = Debug;
		};
		8AFBE33B2947676C00F32DC6 /* Release */ = {
			isa = XCBuildConfiguration;
			buildSettings = {
				ALWAYS_SEARCH_USER_PATHS = NO;
				CLANG_ANALYZER_NONNULL = YES;
				CLANG_ANALYZER_NUMBER_OBJECT_CONVERSION = YES_AGGRESSIVE;
				CLANG_CXX_LANGUAGE_STANDARD = "gnu++20";
				CLANG_ENABLE_MODULES = YES;
				CLANG_ENABLE_OBJC_ARC = YES;
				CLANG_ENABLE_OBJC_WEAK = YES;
				CLANG_WARN_BLOCK_CAPTURE_AUTORELEASING = YES;
				CLANG_WARN_BOOL_CONVERSION = YES;
				CLANG_WARN_COMMA = YES;
				CLANG_WARN_CONSTANT_CONVERSION = YES;
				CLANG_WARN_DEPRECATED_OBJC_IMPLEMENTATIONS = YES;
				CLANG_WARN_DIRECT_OBJC_ISA_USAGE = YES_ERROR;
				CLANG_WARN_DOCUMENTATION_COMMENTS = YES;
				CLANG_WARN_EMPTY_BODY = YES;
				CLANG_WARN_ENUM_CONVERSION = YES;
				CLANG_WARN_INFINITE_RECURSION = YES;
				CLANG_WARN_INT_CONVERSION = YES;
				CLANG_WARN_NON_LITERAL_NULL_CONVERSION = YES;
				CLANG_WARN_OBJC_IMPLICIT_RETAIN_SELF = YES;
				CLANG_WARN_OBJC_LITERAL_CONVERSION = YES;
				CLANG_WARN_OBJC_ROOT_CLASS = YES_ERROR;
				CLANG_WARN_QUOTED_INCLUDE_IN_FRAMEWORK_HEADER = YES;
				CLANG_WARN_RANGE_LOOP_ANALYSIS = YES;
				CLANG_WARN_STRICT_PROTOTYPES = YES;
				CLANG_WARN_SUSPICIOUS_MOVE = YES;
				CLANG_WARN_UNGUARDED_AVAILABILITY = YES_AGGRESSIVE;
				CLANG_WARN_UNREACHABLE_CODE = YES;
				CLANG_WARN__DUPLICATE_METHOD_MATCH = YES;
				COPY_PHASE_STRIP = NO;
				DEBUG_INFORMATION_FORMAT = "dwarf-with-dsym";
				ENABLE_NS_ASSERTIONS = NO;
				ENABLE_STRICT_OBJC_MSGSEND = YES;
				GCC_C_LANGUAGE_STANDARD = gnu11;
				GCC_NO_COMMON_BLOCKS = YES;
				GCC_WARN_64_TO_32_BIT_CONVERSION = YES;
				GCC_WARN_ABOUT_RETURN_TYPE = YES_ERROR;
				GCC_WARN_UNDECLARED_SELECTOR = YES;
				GCC_WARN_UNINITIALIZED_AUTOS = YES_AGGRESSIVE;
				GCC_WARN_UNUSED_FUNCTION = YES;
				GCC_WARN_UNUSED_VARIABLE = YES;
				IPHONEOS_DEPLOYMENT_TARGET = 16.1;
				MTL_ENABLE_DEBUG_INFO = NO;
				MTL_FAST_MATH = YES;
				SDKROOT = iphoneos;
				SWIFT_COMPILATION_MODE = wholemodule;
				SWIFT_OPTIMIZATION_LEVEL = "-O";
				VALIDATE_PRODUCT = YES;
			};
			name = Release;
		};
		8AFBE33D2947676C00F32DC6 /* Debug */ = {
			isa = XCBuildConfiguration;
			buildSettings = {
				ASSETCATALOG_COMPILER_APPICON_NAME = AppIcon;
				ASSETCATALOG_COMPILER_GLOBAL_ACCENT_COLOR_NAME = AccentColor;
				CODE_SIGN_STYLE = Automatic;
				CURRENT_PROJECT_VERSION = 1;
				DEVELOPMENT_ASSET_PATHS = "\"SnowSeeker/Preview Content\"";
				DEVELOPMENT_TEAM = TT8TA55RWH;
				ENABLE_PREVIEWS = YES;
				GENERATE_INFOPLIST_FILE = YES;
				INFOPLIST_KEY_UIApplicationSceneManifest_Generation = YES;
				INFOPLIST_KEY_UIApplicationSupportsIndirectInputEvents = YES;
				INFOPLIST_KEY_UILaunchScreen_Generation = YES;
				INFOPLIST_KEY_UISupportedInterfaceOrientations_iPad = "UIInterfaceOrientationPortrait UIInterfaceOrientationPortraitUpsideDown UIInterfaceOrientationLandscapeLeft UIInterfaceOrientationLandscapeRight";
				INFOPLIST_KEY_UISupportedInterfaceOrientations_iPhone = "UIInterfaceOrientationPortrait UIInterfaceOrientationLandscapeLeft UIInterfaceOrientationLandscapeRight";
				LD_RUNPATH_SEARCH_PATHS = (
					"$(inherited)",
					"@executable_path/Frameworks",
				);
				MARKETING_VERSION = 1.0;
				PRODUCT_BUNDLE_IDENTIFIER = com.projectxmaker.100dosui.SnowSeeker;
				PRODUCT_NAME = "$(TARGET_NAME)";
				SWIFT_EMIT_LOC_STRINGS = YES;
				SWIFT_VERSION = 5.0;
				TARGETED_DEVICE_FAMILY = "1,2";
			};
			name = Debug;
		};
		8AFBE33E2947676C00F32DC6 /* Release */ = {
			isa = XCBuildConfiguration;
			buildSettings = {
				ASSETCATALOG_COMPILER_APPICON_NAME = AppIcon;
				ASSETCATALOG_COMPILER_GLOBAL_ACCENT_COLOR_NAME = AccentColor;
				CODE_SIGN_STYLE = Automatic;
				CURRENT_PROJECT_VERSION = 1;
				DEVELOPMENT_ASSET_PATHS = "\"SnowSeeker/Preview Content\"";
				DEVELOPMENT_TEAM = TT8TA55RWH;
				ENABLE_PREVIEWS = YES;
				GENERATE_INFOPLIST_FILE = YES;
				INFOPLIST_KEY_UIApplicationSceneManifest_Generation = YES;
				INFOPLIST_KEY_UIApplicationSupportsIndirectInputEvents = YES;
				INFOPLIST_KEY_UILaunchScreen_Generation = YES;
				INFOPLIST_KEY_UISupportedInterfaceOrientations_iPad = "UIInterfaceOrientationPortrait UIInterfaceOrientationPortraitUpsideDown UIInterfaceOrientationLandscapeLeft UIInterfaceOrientationLandscapeRight";
				INFOPLIST_KEY_UISupportedInterfaceOrientations_iPhone = "UIInterfaceOrientationPortrait UIInterfaceOrientationLandscapeLeft UIInterfaceOrientationLandscapeRight";
				LD_RUNPATH_SEARCH_PATHS = (
					"$(inherited)",
					"@executable_path/Frameworks",
				);
				MARKETING_VERSION = 1.0;
				PRODUCT_BUNDLE_IDENTIFIER = com.projectxmaker.100dosui.SnowSeeker;
				PRODUCT_NAME = "$(TARGET_NAME)";
				SWIFT_EMIT_LOC_STRINGS = YES;
				SWIFT_VERSION = 5.0;
				TARGETED_DEVICE_FAMILY = "1,2";
			};
			name = Release;
		};
/* End XCBuildConfiguration section */

/* Begin XCConfigurationList section */
		8AFBE3292947676B00F32DC6 /* Build configuration list for PBXProject "SnowSeeker" */ = {
			isa = XCConfigurationList;
			buildConfigurations = (
				8AFBE33A2947676C00F32DC6 /* Debug */,
				8AFBE33B2947676C00F32DC6 /* Release */,
			);
			defaultConfigurationIsVisible = 0;
			defaultConfigurationName = Release;
		};
		8AFBE33C2947676C00F32DC6 /* Build configuration list for PBXNativeTarget "SnowSeeker" */ = {
			isa = XCConfigurationList;
			buildConfigurations = (
				8AFBE33D2947676C00F32DC6 /* Debug */,
				8AFBE33E2947676C00F32DC6 /* Release */,
			);
			defaultConfigurationIsVisible = 0;
			defaultConfigurationName = Release;
		};
/* End XCConfigurationList section */
	};
	rootObject = 8AFBE3262947676B00F32DC6 /* Project object */;
}
