// !$*UTF8*$!
{
	archiveVersion = 1;
	classes = {
	};
	objectVersion = 56;
	objects = {

/* Begin PBXBuildFile section */
		8A31858029433464001CD2A0 /* ContentViewModel.swift in Sources */ = {isa = PBXBuildFile; fileRef = 8A31857F29433464001CD2A0 /* ContentViewModel.swift */; };
		8A31858329433E85001CD2A0 /* MainScreenViewModel.swift in Sources */ = {isa = PBXBuildFile; fileRef = 8A31858229433E85001CD2A0 /* MainScreenViewModel.swift */; };
		8A350F112943840D00129FC5 /* PlayScreenViewModel.swift in Sources */ = {isa = PBXBuildFile; fileRef = 8A350F102943840D00129FC5 /* PlayScreenViewModel.swift */; };
		8A350F132943980F00129FC5 /* MGAnswerButtons.swift in Sources */ = {isa = PBXBuildFile; fileRef = 8A350F122943980F00129FC5 /* MGAnswerButtons.swift */; };
		8A6F641A28F3D81C00DE1ECD /* Text+ChangeTextColor.swift in Sources */ = {isa = PBXBuildFile; fileRef = 8A6F641928F3D81C00DE1ECD /* Text+ChangeTextColor.swift */; };
		8AD8CAA128EA7EA300C7F173 /* MultiplicationGameApp.swift in Sources */ = {isa = PBXBuildFile; fileRef = 8AD8CAA028EA7EA300C7F173 /* MultiplicationGameApp.swift */; };
		8AD8CAA328EA7EA300C7F173 /* ContentView.swift in Sources */ = {isa = PBXBuildFile; fileRef = 8AD8CAA228EA7EA300C7F173 /* ContentView.swift */; };
		8AD8CAA528EA7EA700C7F173 /* Assets.xcassets in Resources */ = {isa = PBXBuildFile; fileRef = 8AD8CAA428EA7EA700C7F173 /* Assets.xcassets */; };
		8AD8CAA828EA7EA700C7F173 /* Preview Assets.xcassets in Resources */ = {isa = PBXBuildFile; fileRef = 8AD8CAA728EA7EA700C7F173 /* Preview Assets.xcassets */; };
		8AD8CAAF28EA9E4300C7F173 /* UIColor+Hexstring.swift in Sources */ = {isa = PBXBuildFile; fileRef = 8AD8CAAE28EA9E4300C7F173 /* UIColor+Hexstring.swift */; };
		8AE1906428F0FD03006F85C0 /* MGButtonText.swift in Sources */ = {isa = PBXBuildFile; fileRef = 8AE1906328F0FD03006F85C0 /* MGButtonText.swift */; };
		8AE1906628F103DE006F85C0 /* MGAnswerButton.swift in Sources */ = {isa = PBXBuildFile; fileRef = 8AE1906528F103DE006F85C0 /* MGAnswerButton.swift */; };
		8AE1906828F10AD7006F85C0 /* MGButton.swift in Sources */ = {isa = PBXBuildFile; fileRef = 8AE1906728F10AD7006F85C0 /* MGButton.swift */; };
		8AE1906A28F1305A006F85C0 /* MGStartButton.swift in Sources */ = {isa = PBXBuildFile; fileRef = 8AE1906928F1305A006F85C0 /* MGStartButton.swift */; };
		8AE1906C28F1352F006F85C0 /* MGSettingsPanel.swift in Sources */ = {isa = PBXBuildFile; fileRef = 8AE1906B28F1352F006F85C0 /* MGSettingsPanel.swift */; };
		8AE1906E28F138C7006F85C0 /* MGSelector.swift in Sources */ = {isa = PBXBuildFile; fileRef = 8AE1906D28F138C7006F85C0 /* MGSelector.swift */; };
		8AE1907028F15C15006F85C0 /* MGPicker.swift in Sources */ = {isa = PBXBuildFile; fileRef = 8AE1906F28F15C15006F85C0 /* MGPicker.swift */; };
		8AE1907428F166E8006F85C0 /* PlayScreen.swift in Sources */ = {isa = PBXBuildFile; fileRef = 8AE1907328F166E8006F85C0 /* PlayScreen.swift */; };
		8AE1907628F16AD2006F85C0 /* MainScreen.swift in Sources */ = {isa = PBXBuildFile; fileRef = 8AE1907528F16AD2006F85C0 /* MainScreen.swift */; };
/* End PBXBuildFile section */

/* Begin PBXFileReference section */
		8A31857F29433464001CD2A0 /* ContentViewModel.swift */ = {isa = PBXFileReference; lastKnownFileType = sourcecode.swift; path = ContentViewModel.swift; sourceTree = "<group>"; };
		8A31858229433E85001CD2A0 /* MainScreenViewModel.swift */ = {isa = PBXFileReference; lastKnownFileType = sourcecode.swift; path = MainScreenViewModel.swift; sourceTree = "<group>"; };
		8A350F102943840D00129FC5 /* PlayScreenViewModel.swift */ = {isa = PBXFileReference; lastKnownFileType = sourcecode.swift; path = PlayScreenViewModel.swift; sourceTree = "<group>"; };
		8A350F122943980F00129FC5 /* MGAnswerButtons.swift */ = {isa = PBXFileReference; lastKnownFileType = sourcecode.swift; path = MGAnswerButtons.swift; sourceTree = "<group>"; };
		8A6F641928F3D81C00DE1ECD /* Text+ChangeTextColor.swift */ = {isa = PBXFileReference; lastKnownFileType = sourcecode.swift; path = "Text+ChangeTextColor.swift"; sourceTree = "<group>"; };
		8AD8CA9D28EA7EA300C7F173 /* MultiplicationGame.app */ = {isa = PBXFileReference; explicitFileType = wrapper.application; includeInIndex = 0; path = MultiplicationGame.app; sourceTree = BUILT_PRODUCTS_DIR; };
		8AD8CAA028EA7EA300C7F173 /* MultiplicationGameApp.swift */ = {isa = PBXFileReference; lastKnownFileType = sourcecode.swift; path = MultiplicationGameApp.swift; sourceTree = "<group>"; };
		8AD8CAA228EA7EA300C7F173 /* ContentView.swift */ = {isa = PBXFileReference; lastKnownFileType = sourcecode.swift; path = ContentView.swift; sourceTree = "<group>"; };
		8AD8CAA428EA7EA700C7F173 /* Assets.xcassets */ = {isa = PBXFileReference; lastKnownFileType = folder.assetcatalog; path = Assets.xcassets; sourceTree = "<group>"; };
		8AD8CAA728EA7EA700C7F173 /* Preview Assets.xcassets */ = {isa = PBXFileReference; lastKnownFileType = folder.assetcatalog; path = "Preview Assets.xcassets"; sourceTree = "<group>"; };
		8AD8CAAE28EA9E4300C7F173 /* UIColor+Hexstring.swift */ = {isa = PBXFileReference; lastKnownFileType = sourcecode.swift; path = "UIColor+Hexstring.swift"; sourceTree = "<group>"; };
		8AE1906328F0FD03006F85C0 /* MGButtonText.swift */ = {isa = PBXFileReference; lastKnownFileType = sourcecode.swift; path = MGButtonText.swift; sourceTree = "<group>"; };
		8AE1906528F103DE006F85C0 /* MGAnswerButton.swift */ = {isa = PBXFileReference; lastKnownFileType = sourcecode.swift; path = MGAnswerButton.swift; sourceTree = "<group>"; };
		8AE1906728F10AD7006F85C0 /* MGButton.swift */ = {isa = PBXFileReference; lastKnownFileType = sourcecode.swift; path = MGButton.swift; sourceTree = "<group>"; };
		8AE1906928F1305A006F85C0 /* MGStartButton.swift */ = {isa = PBXFileReference; lastKnownFileType = sourcecode.swift; path = MGStartButton.swift; sourceTree = "<group>"; };
		8AE1906B28F1352F006F85C0 /* MGSettingsPanel.swift */ = {isa = PBXFileReference; lastKnownFileType = sourcecode.swift; path = MGSettingsPanel.swift; sourceTree = "<group>"; };
		8AE1906D28F138C7006F85C0 /* MGSelector.swift */ = {isa = PBXFileReference; lastKnownFileType = sourcecode.swift; path = MGSelector.swift; sourceTree = "<group>"; };
		8AE1906F28F15C15006F85C0 /* MGPicker.swift */ = {isa = PBXFileReference; lastKnownFileType = sourcecode.swift; path = MGPicker.swift; sourceTree = "<group>"; };
		8AE1907328F166E8006F85C0 /* PlayScreen.swift */ = {isa = PBXFileReference; lastKnownFileType = sourcecode.swift; path = PlayScreen.swift; sourceTree = "<group>"; };
		8AE1907528F16AD2006F85C0 /* MainScreen.swift */ = {isa = PBXFileReference; lastKnownFileType = sourcecode.swift; path = MainScreen.swift; sourceTree = "<group>"; };
/* End PBXFileReference section */

/* Begin PBXFrameworksBuildPhase section */
		8AD8CA9A28EA7EA300C7F173 /* Frameworks */ = {
			isa = PBXFrameworksBuildPhase;
			buildActionMask = 2147483647;
			files = (
			);
			runOnlyForDeploymentPostprocessing = 0;
		};
/* End PBXFrameworksBuildPhase section */

/* Begin PBXGroup section */
		8A318581294334C0001CD2A0 /* ViewModels */ = {
			isa = PBXGroup;
			children = (
				8A31857F29433464001CD2A0 /* ContentViewModel.swift */,
				8A31858229433E85001CD2A0 /* MainScreenViewModel.swift */,
				8A350F102943840D00129FC5 /* PlayScreenViewModel.swift */,
			);
			path = ViewModels;
			sourceTree = "<group>";
		};
		8A6F641B28F3D84300DE1ECD /* View Extensions */ = {
			isa = PBXGroup;
			children = (
				8A6F641928F3D81C00DE1ECD /* Text+ChangeTextColor.swift */,
			);
			path = "View Extensions";
			sourceTree = "<group>";
		};
		8AD8CA9428EA7EA300C7F173 = {
			isa = PBXGroup;
			children = (
				8AD8CA9F28EA7EA300C7F173 /* MultiplicationGame */,
				8AD8CA9E28EA7EA300C7F173 /* Products */,
			);
			sourceTree = "<group>";
		};
		8AD8CA9E28EA7EA300C7F173 /* Products */ = {
			isa = PBXGroup;
			children = (
				8AD8CA9D28EA7EA300C7F173 /* MultiplicationGame.app */,
			);
			name = Products;
			sourceTree = "<group>";
		};
		8AD8CA9F28EA7EA300C7F173 /* MultiplicationGame */ = {
			isa = PBXGroup;
			children = (
				8AD8CAA028EA7EA300C7F173 /* MultiplicationGameApp.swift */,
				8AD8CAA228EA7EA300C7F173 /* ContentView.swift */,
				8AD8CAA428EA7EA700C7F173 /* Assets.xcassets */,
				8AD8CAA628EA7EA700C7F173 /* Preview Content */,
				8AE1907128F1669C006F85C0 /* Views */,
				8A318581294334C0001CD2A0 /* ViewModels */,
				8A6F641B28F3D84300DE1ECD /* View Extensions */,
				8AE1907228F166B7006F85C0 /* UIView Extensions */,
			);
			path = MultiplicationGame;
			sourceTree = "<group>";
		};
		8AD8CAA628EA7EA700C7F173 /* Preview Content */ = {
			isa = PBXGroup;
			children = (
				8AD8CAA728EA7EA700C7F173 /* Preview Assets.xcassets */,
			);
			path = "Preview Content";
			sourceTree = "<group>";
		};
		8AE1907128F1669C006F85C0 /* Views */ = {
			isa = PBXGroup;
			children = (
				8AE1907328F166E8006F85C0 /* PlayScreen.swift */,
				8A350F122943980F00129FC5 /* MGAnswerButtons.swift */,
				8AE1907528F16AD2006F85C0 /* MainScreen.swift */,
				8AE1906528F103DE006F85C0 /* MGAnswerButton.swift */,
				8AE1906728F10AD7006F85C0 /* MGButton.swift */,
				8AE1906328F0FD03006F85C0 /* MGButtonText.swift */,
				8AE1906928F1305A006F85C0 /* MGStartButton.swift */,
				8AE1906B28F1352F006F85C0 /* MGSettingsPanel.swift */,
				8AE1906F28F15C15006F85C0 /* MGPicker.swift */,
				8AE1906D28F138C7006F85C0 /* MGSelector.swift */,
			);
			path = Views;
			sourceTree = "<group>";
		};
		8AE1907228F166B7006F85C0 /* UIView Extensions */ = {
			isa = PBXGroup;
			children = (
				8AD8CAAE28EA9E4300C7F173 /* UIColor+Hexstring.swift */,
			);
			path = "UIView Extensions";
			sourceTree = "<group>";
		};
/* End PBXGroup section */

/* Begin PBXNativeTarget section */
		8AD8CA9C28EA7EA300C7F173 /* MultiplicationGame */ = {
			isa = PBXNativeTarget;
			buildConfigurationList = 8AD8CAAB28EA7EA700C7F173 /* Build configuration list for PBXNativeTarget "MultiplicationGame" */;
			buildPhases = (
				8AD8CA9928EA7EA300C7F173 /* Sources */,
				8AD8CA9A28EA7EA300C7F173 /* Frameworks */,
				8AD8CA9B28EA7EA300C7F173 /* Resources */,
			);
			buildRules = (
			);
			dependencies = (
			);
			name = MultiplicationGame;
			productName = MultiplicationGame;
			productReference = 8AD8CA9D28EA7EA300C7F173 /* MultiplicationGame.app */;
			productType = "com.apple.product-type.application";
		};
/* End PBXNativeTarget section */

/* Begin PBXProject section */
		8AD8CA9528EA7EA300C7F173 /* Project object */ = {
			isa = PBXProject;
			attributes = {
				BuildIndependentTargetsInParallel = 1;
				LastSwiftUpdateCheck = 1410;
				LastUpgradeCheck = 1410;
				TargetAttributes = {
					8AD8CA9C28EA7EA300C7F173 = {
						CreatedOnToolsVersion = 14.1;
					};
				};
			};
			buildConfigurationList = 8AD8CA9828EA7EA300C7F173 /* Build configuration list for PBXProject "MultiplicationGame" */;
			compatibilityVersion = "Xcode 14.0";
			developmentRegion = en;
			hasScannedForEncodings = 0;
			knownRegions = (
				en,
				Base,
			);
			mainGroup = 8AD8CA9428EA7EA300C7F173;
			productRefGroup = 8AD8CA9E28EA7EA300C7F173 /* Products */;
			projectDirPath = "";
			projectRoot = "";
			targets = (
				8AD8CA9C28EA7EA300C7F173 /* MultiplicationGame */,
			);
		};
/* End PBXProject section */

/* Begin PBXResourcesBuildPhase section */
		8AD8CA9B28EA7EA300C7F173 /* Resources */ = {
			isa = PBXResourcesBuildPhase;
			buildActionMask = 2147483647;
			files = (
				8AD8CAA828EA7EA700C7F173 /* Preview Assets.xcassets in Resources */,
				8AD8CAA528EA7EA700C7F173 /* Assets.xcassets in Resources */,
			);
			runOnlyForDeploymentPostprocessing = 0;
		};
/* End PBXResourcesBuildPhase section */

/* Begin PBXSourcesBuildPhase section */
		8AD8CA9928EA7EA300C7F173 /* Sources */ = {
			isa = PBXSourcesBuildPhase;
			buildActionMask = 2147483647;
			files = (
				8AE1907628F16AD2006F85C0 /* MainScreen.swift in Sources */,
				8AD8CAA328EA7EA300C7F173 /* ContentView.swift in Sources */,
				8AE1906428F0FD03006F85C0 /* MGButtonText.swift in Sources */,
				8AE1906628F103DE006F85C0 /* MGAnswerButton.swift in Sources */,
				8AE1906828F10AD7006F85C0 /* MGButton.swift in Sources */,
				8A6F641A28F3D81C00DE1ECD /* Text+ChangeTextColor.swift in Sources */,
				8A350F112943840D00129FC5 /* PlayScreenViewModel.swift in Sources */,
				8AD8CAAF28EA9E4300C7F173 /* UIColor+Hexstring.swift in Sources */,
				8AE1907028F15C15006F85C0 /* MGPicker.swift in Sources */,
				8AE1907428F166E8006F85C0 /* PlayScreen.swift in Sources */,
				8A350F132943980F00129FC5 /* MGAnswerButtons.swift in Sources */,
				8AE1906C28F1352F006F85C0 /* MGSettingsPanel.swift in Sources */,
				8A31858029433464001CD2A0 /* ContentViewModel.swift in Sources */,
				8A31858329433E85001CD2A0 /* MainScreenViewModel.swift in Sources */,
				8AD8CAA128EA7EA300C7F173 /* MultiplicationGameApp.swift in Sources */,
				8AE1906A28F1305A006F85C0 /* MGStartButton.swift in Sources */,
				8AE1906E28F138C7006F85C0 /* MGSelector.swift in Sources */,
			);
			runOnlyForDeploymentPostprocessing = 0;
		};
/* End PBXSourcesBuildPhase section */

/* Begin XCBuildConfiguration section */
		8AD8CAA928EA7EA700C7F173 /* Debug */ = {
			isa = XCBuildConfiguration;
			buildSettings = {
				ALWAYS_SEARCH_USER_PATHS = NO;
				CLANG_ANALYZER_NONNULL = YES;
				CLANG_ANALYZER_NUMBER_OBJECT_CONVERSION = YES_AGGRESSIVE;
				CLANG_CXX_LANGUAGE_STANDARD = "gnu++20";
				CLANG_ENABLE_MODULES = YES;
				CLANG_ENABLE_OBJC_ARC = YES;
				CLANG_ENABLE_OBJC_WEAK = YES;
				CLANG_WARN_BLOCK_CAPTURE_AUTORELEASING = YES;
				CLANG_WARN_BOOL_CONVERSION = YES;
				CLANG_WARN_COMMA = YES;
				CLANG_WARN_CONSTANT_CONVERSION = YES;
				CLANG_WARN_DEPRECATED_OBJC_IMPLEMENTATIONS = YES;
				CLANG_WARN_DIRECT_OBJC_ISA_USAGE = YES_ERROR;
				CLANG_WARN_DOCUMENTATION_COMMENTS = YES;
				CLANG_WARN_EMPTY_BODY = YES;
				CLANG_WARN_ENUM_CONVERSION = YES;
				CLANG_WARN_INFINITE_RECURSION = YES;
				CLANG_WARN_INT_CONVERSION = YES;
				CLANG_WARN_NON_LITERAL_NULL_CONVERSION = YES;
				CLANG_WARN_OBJC_IMPLICIT_RETAIN_SELF = YES;
				CLANG_WARN_OBJC_LITERAL_CONVERSION = YES;
				CLANG_WARN_OBJC_ROOT_CLASS = YES_ERROR;
				CLANG_WARN_QUOTED_INCLUDE_IN_FRAMEWORK_HEADER = YES;
				CLANG_WARN_RANGE_LOOP_ANALYSIS = YES;
				CLANG_WARN_STRICT_PROTOTYPES = YES;
				CLANG_WARN_SUSPICIOUS_MOVE = YES;
				CLANG_WARN_UNGUARDED_AVAILABILITY = YES_AGGRESSIVE;
				CLANG_WARN_UNREACHABLE_CODE = YES;
				CLANG_WARN__DUPLICATE_METHOD_MATCH = YES;
				COPY_PHASE_STRIP = NO;
				DEBUG_INFORMATION_FORMAT = dwarf;
				ENABLE_STRICT_OBJC_MSGSEND = YES;
				ENABLE_TESTABILITY = YES;
				GCC_C_LANGUAGE_STANDARD = gnu11;
				GCC_DYNAMIC_NO_PIC = NO;
				GCC_NO_COMMON_BLOCKS = YES;
				GCC_OPTIMIZATION_LEVEL = 0;
				GCC_PREPROCESSOR_DEFINITIONS = (
					"DEBUG=1",
					"$(inherited)",
				);
				GCC_WARN_64_TO_32_BIT_CONVERSION = YES;
				GCC_WARN_ABOUT_RETURN_TYPE = YES_ERROR;
				GCC_WARN_UNDECLARED_SELECTOR = YES;
				GCC_WARN_UNINITIALIZED_AUTOS = YES_AGGRESSIVE;
				GCC_WARN_UNUSED_FUNCTION = YES;
				GCC_WARN_UNUSED_VARIABLE = YES;
				IPHONEOS_DEPLOYMENT_TARGET = 16.1;
				MTL_ENABLE_DEBUG_INFO = INCLUDE_SOURCE;
				MTL_FAST_MATH = YES;
				ONLY_ACTIVE_ARCH = YES;
				SDKROOT = iphoneos;
				SWIFT_ACTIVE_COMPILATION_CONDITIONS = DEBUG;
				SWIFT_OPTIMIZATION_LEVEL = "-Onone";
			};
			name = Debug;
		};
		8AD8CAAA28EA7EA700C7F173 /* Release */ = {
			isa = XCBuildConfiguration;
			buildSettings = {
				ALWAYS_SEARCH_USER_PATHS = NO;
				CLANG_ANALYZER_NONNULL = YES;
				CLANG_ANALYZER_NUMBER_OBJECT_CONVERSION = YES_AGGRESSIVE;
				CLANG_CXX_LANGUAGE_STANDARD = "gnu++20";
				CLANG_ENABLE_MODULES = YES;
				CLANG_ENABLE_OBJC_ARC = YES;
				CLANG_ENABLE_OBJC_WEAK = YES;
				CLANG_WARN_BLOCK_CAPTURE_AUTORELEASING = YES;
				CLANG_WARN_BOOL_CONVERSION = YES;
				CLANG_WARN_COMMA = YES;
				CLANG_WARN_CONSTANT_CONVERSION = YES;
				CLANG_WARN_DEPRECATED_OBJC_IMPLEMENTATIONS = YES;
				CLANG_WARN_DIRECT_OBJC_ISA_USAGE = YES_ERROR;
				CLANG_WARN_DOCUMENTATION_COMMENTS = YES;
				CLANG_WARN_EMPTY_BODY = YES;
				CLANG_WARN_ENUM_CONVERSION = YES;
				CLANG_WARN_INFINITE_RECURSION = YES;
				CLANG_WARN_INT_CONVERSION = YES;
				CLANG_WARN_NON_LITERAL_NULL_CONVERSION = YES;
				CLANG_WARN_OBJC_IMPLICIT_RETAIN_SELF = YES;
				CLANG_WARN_OBJC_LITERAL_CONVERSION = YES;
				CLANG_WARN_OBJC_ROOT_CLASS = YES_ERROR;
				CLANG_WARN_QUOTED_INCLUDE_IN_FRAMEWORK_HEADER = YES;
				CLANG_WARN_RANGE_LOOP_ANALYSIS = YES;
				CLANG_WARN_STRICT_PROTOTYPES = YES;
				CLANG_WARN_SUSPICIOUS_MOVE = YES;
				CLANG_WARN_UNGUARDED_AVAILABILITY = YES_AGGRESSIVE;
				CLANG_WARN_UNREACHABLE_CODE = YES;
				CLANG_WARN__DUPLICATE_METHOD_MATCH = YES;
				COPY_PHASE_STRIP = NO;
				DEBUG_INFORMATION_FORMAT = "dwarf-with-dsym";
				ENABLE_NS_ASSERTIONS = NO;
				ENABLE_STRICT_OBJC_MSGSEND = YES;
				GCC_C_LANGUAGE_STANDARD = gnu11;
				GCC_NO_COMMON_BLOCKS = YES;
				GCC_WARN_64_TO_32_BIT_CONVERSION = YES;
				GCC_WARN_ABOUT_RETURN_TYPE = YES_ERROR;
				GCC_WARN_UNDECLARED_SELECTOR = YES;
				GCC_WARN_UNINITIALIZED_AUTOS = YES_AGGRESSIVE;
				GCC_WARN_UNUSED_FUNCTION = YES;
				GCC_WARN_UNUSED_VARIABLE = YES;
				IPHONEOS_DEPLOYMENT_TARGET = 16.1;
				MTL_ENABLE_DEBUG_INFO = NO;
				MTL_FAST_MATH = YES;
				SDKROOT = iphoneos;
				SWIFT_COMPILATION_MODE = wholemodule;
				SWIFT_OPTIMIZATION_LEVEL = "-O";
				VALIDATE_PRODUCT = YES;
			};
			name = Release;
		};
		8AD8CAAC28EA7EA700C7F173 /* Debug */ = {
			isa = XCBuildConfiguration;
			buildSettings = {
				ASSETCATALOG_COMPILER_APPICON_NAME = AppIcon;
				ASSETCATALOG_COMPILER_GLOBAL_ACCENT_COLOR_NAME = AccentColor;
				CODE_SIGN_STYLE = Automatic;
				CURRENT_PROJECT_VERSION = 1;
				DEVELOPMENT_ASSET_PATHS = "\"MultiplicationGame/Preview Content\"";
				DEVELOPMENT_TEAM = TT8TA55RWH;
				ENABLE_PREVIEWS = YES;
				GENERATE_INFOPLIST_FILE = YES;
				INFOPLIST_KEY_UIApplicationSceneManifest_Generation = YES;
				INFOPLIST_KEY_UIApplicationSupportsIndirectInputEvents = YES;
				INFOPLIST_KEY_UILaunchScreen_Generation = YES;
				INFOPLIST_KEY_UIRequiresFullScreen = YES;
				INFOPLIST_KEY_UISupportedInterfaceOrientations = UIInterfaceOrientationPortrait;
				IPHONEOS_DEPLOYMENT_TARGET = 15.6;
				LD_RUNPATH_SEARCH_PATHS = (
					"$(inherited)",
					"@executable_path/Frameworks",
				);
				MARKETING_VERSION = 1.0;
				PRODUCT_BUNDLE_IDENTIFIER = com.projectxmaker.100dosui.MultiplicationGame;
				PRODUCT_NAME = "$(TARGET_NAME)";
				SUPPORTED_PLATFORMS = "iphoneos iphonesimulator";
				SUPPORTS_MACCATALYST = NO;
				SUPPORTS_MAC_DESIGNED_FOR_IPHONE_IPAD = NO;
				SWIFT_EMIT_LOC_STRINGS = YES;
				SWIFT_VERSION = 5.0;
				TARGETED_DEVICE_FAMILY = "1,2";
			};
			name = Debug;
		};
		8AD8CAAD28EA7EA700C7F173 /* Release */ = {
			isa = XCBuildConfiguration;
			buildSettings = {
				ASSETCATALOG_COMPILER_APPICON_NAME = AppIcon;
				ASSETCATALOG_COMPILER_GLOBAL_ACCENT_COLOR_NAME = AccentColor;
				CODE_SIGN_STYLE = Automatic;
				CURRENT_PROJECT_VERSION = 1;
				DEVELOPMENT_ASSET_PATHS = "\"MultiplicationGame/Preview Content\"";
				DEVELOPMENT_TEAM = TT8TA55RWH;
				ENABLE_PREVIEWS = YES;
				GENERATE_INFOPLIST_FILE = YES;
				INFOPLIST_KEY_UIApplicationSceneManifest_Generation = YES;
				INFOPLIST_KEY_UIApplicationSupportsIndirectInputEvents = YES;
				INFOPLIST_KEY_UILaunchScreen_Generation = YES;
				INFOPLIST_KEY_UIRequiresFullScreen = YES;
				INFOPLIST_KEY_UISupportedInterfaceOrientations = UIInterfaceOrientationPortrait;
				IPHONEOS_DEPLOYMENT_TARGET = 15.6;
				LD_RUNPATH_SEARCH_PATHS = (
					"$(inherited)",
					"@executable_path/Frameworks",
				);
				MARKETING_VERSION = 1.0;
				PRODUCT_BUNDLE_IDENTIFIER = com.projectxmaker.100dosui.MultiplicationGame;
				PRODUCT_NAME = "$(TARGET_NAME)";
				SUPPORTED_PLATFORMS = "iphoneos iphonesimulator";
				SUPPORTS_MACCATALYST = NO;
				SUPPORTS_MAC_DESIGNED_FOR_IPHONE_IPAD = NO;
				SWIFT_EMIT_LOC_STRINGS = YES;
				SWIFT_VERSION = 5.0;
				TARGETED_DEVICE_FAMILY = "1,2";
			};
			name = Release;
		};
/* End XCBuildConfiguration section */

/* Begin XCConfigurationList section */
		8AD8CA9828EA7EA300C7F173 /* Build configuration list for PBXProject "MultiplicationGame" */ = {
			isa = XCConfigurationList;
			buildConfigurations = (
				8AD8CAA928EA7EA700C7F173 /* Debug */,
				8AD8CAAA28EA7EA700C7F173 /* Release */,
			);
			defaultConfigurationIsVisible = 0;
			defaultConfigurationName = Release;
		};
		8AD8CAAB28EA7EA700C7F173 /* Build configuration list for PBXNativeTarget "MultiplicationGame" */ = {
			isa = XCConfigurationList;
			buildConfigurations = (
				8AD8CAAC28EA7EA700C7F173 /* Debug */,
				8AD8CAAD28EA7EA700C7F173 /* Release */,
			);
			defaultConfigurationIsVisible = 0;
			defaultConfigurationName = Release;
		};
/* End XCConfigurationList section */
	};
	rootObject = 8AD8CA9528EA7EA300C7F173 /* Project object */;
}
